// !$*UTF8*$!
{
	archiveVersion = 1;
	classes = {
	};
	objectVersion = 46;
	objects = {

/* Begin PBXBuildFile section */
		85DAE448DE85FA823BE32105 /* libPods-iController.a in Frameworks */ = {isa = PBXBuildFile; fileRef = 8A7C5C558FD000A489DEFD19 /* libPods-iController.a */; };
		D41A53651C63C23600F41533 /* ICBatteryStatus.m in Sources */ = {isa = PBXBuildFile; fileRef = D41A53641C63C23600F41533 /* ICBatteryStatus.m */; };
		D41A53681C63C60800F41533 /* ICDeviceItem.m in Sources */ = {isa = PBXBuildFile; fileRef = D41A53671C63C60800F41533 /* ICDeviceItem.m */; };
		D41A536B1C63C79E00F41533 /* ICDeviceGroup.m in Sources */ = {isa = PBXBuildFile; fileRef = D41A536A1C63C79E00F41533 /* ICDeviceGroup.m */; };
		D41A536E1C63C8E600F41533 /* ICProfileItem.m in Sources */ = {isa = PBXBuildFile; fileRef = D41A536D1C63C8E600F41533 /* ICProfileItem.m */; };
		D41A53701C63C95C00F41533 /* Profile.plist in Resources */ = {isa = PBXBuildFile; fileRef = D41A536F1C63C95C00F41533 /* Profile.plist */; };
		D41A53781C63D08F00F41533 /* ICHelpListViewController.m in Sources */ = {isa = PBXBuildFile; fileRef = D41A53771C63D08F00F41533 /* ICHelpListViewController.m */; };
		D41A537B1C63D0B400F41533 /* ICHelpListItem.m in Sources */ = {isa = PBXBuildFile; fileRef = D41A537A1C63D0B400F41533 /* ICHelpListItem.m */; };
		D41A537E1C63D0BF00F41533 /* ICHelpListBundle.m in Sources */ = {isa = PBXBuildFile; fileRef = D41A537D1C63D0BF00F41533 /* ICHelpListBundle.m */; };
		D41A53801C63D19B00F41533 /* HelpList.plist in Resources */ = {isa = PBXBuildFile; fileRef = D41A537F1C63D19B00F41533 /* HelpList.plist */; };
		D41A53841C63D68300F41533 /* ICGroupTableViewController.m in Sources */ = {isa = PBXBuildFile; fileRef = D41A53831C63D68300F41533 /* ICGroupTableViewController.m */; };
		D41D89381C687478008F3AFD /* ICAddressCalulator.m in Sources */ = {isa = PBXBuildFile; fileRef = D41D89371C687478008F3AFD /* ICAddressCalulator.m */; };
		D41D893D1C687760008F3AFD /* ICMCMouseViewController.m in Sources */ = {isa = PBXBuildFile; fileRef = D41D893C1C687760008F3AFD /* ICMCMouseViewController.m */; };
		D41D89421C6879AF008F3AFD /* index.html in Resources */ = {isa = PBXBuildFile; fileRef = D41D89411C6879AF008F3AFD /* index.html */; };
		D41D89471C687A11008F3AFD /* ICHTMLBrowerViewController.m in Sources */ = {isa = PBXBuildFile; fileRef = D41D89461C687A11008F3AFD /* ICHTMLBrowerViewController.m */; };
		D41D89491C687D57008F3AFD /* DeviceItems.plist in Resources */ = {isa = PBXBuildFile; fileRef = D41D89481C687D57008F3AFD /* DeviceItems.plist */; };
		D42E3F641C5E28BF00DBA224 /* ICNavigationController.m in Sources */ = {isa = PBXBuildFile; fileRef = D42E3F631C5E28BF00DBA224 /* ICNavigationController.m */; };
		D42E3F671C5E600B00DBA224 /* ICGroupTableViewTools.m in Sources */ = {isa = PBXBuildFile; fileRef = D42E3F661C5E600B00DBA224 /* ICGroupTableViewTools.m */; };
		D44AA1C11C6729D900B66563 /* ICSwitch.m in Sources */ = {isa = PBXBuildFile; fileRef = D44AA1C01C6729D900B66563 /* ICSwitch.m */; };
		D44AA1C41C672D8C00B66563 /* ICMainItem.m in Sources */ = {isa = PBXBuildFile; fileRef = D44AA1C31C672D8C00B66563 /* ICMainItem.m */; };
		D44AA1C61C672DC700B66563 /* MainItems.plist in Resources */ = {isa = PBXBuildFile; fileRef = D44AA1C51C672DC700B66563 /* MainItems.plist */; };
		D44AA1D01C67314200B66563 /* ICMainControlViewController.m in Sources */ = {isa = PBXBuildFile; fileRef = D44AA1CF1C67314200B66563 /* ICMainControlViewController.m */; };
		D44AA1D31C67317500B66563 /* ICControlButton.m in Sources */ = {isa = PBXBuildFile; fileRef = D44AA1D21C67317500B66563 /* ICControlButton.m */; };
		D44AA1D61C6734BC00B66563 /* ICMCScreenViewController.m in Sources */ = {isa = PBXBuildFile; fileRef = D44AA1D51C6734BC00B66563 /* ICMCScreenViewController.m */; };
		D46465A71C63DD8500E5A268 /* ICServiceItem.m in Sources */ = {isa = PBXBuildFile; fileRef = D46465A61C63DD8500E5A268 /* ICServiceItem.m */; };
		D46465A91C63DDDC00E5A268 /* ServiceList.plist in Resources */ = {isa = PBXBuildFile; fileRef = D46465A81C63DDDC00E5A268 /* ServiceList.plist */; };
		D47BCBFC1C60D8B100B4C057 /* ICServiceViewController.m in Sources */ = {isa = PBXBuildFile; fileRef = D47BCBFB1C60D8B100B4C057 /* ICServiceViewController.m */; };
		D47BCC021C60DA7400B4C057 /* ICProfileTimeoutCell.m in Sources */ = {isa = PBXBuildFile; fileRef = D47BCBFF1C60DA7400B4C057 /* ICProfileTimeoutCell.m */; };
		D47BCC031C60DA7400B4C057 /* ICProfileAddressCell.m in Sources */ = {isa = PBXBuildFile; fileRef = D47BCC001C60DA7400B4C057 /* ICProfileAddressCell.m */; };
		D47BCC061C60DA9F00B4C057 /* ICPortCalculator.m in Sources */ = {isa = PBXBuildFile; fileRef = D47BCC051C60DA9F00B4C057 /* ICPortCalculator.m */; };
		D47BCC081C60DB7500B4C057 /* ICProfilePortCell.m in Sources */ = {isa = PBXBuildFile; fileRef = D47BCC071C60DB7500B4C057 /* ICProfilePortCell.m */; };
		D484F90F1C60E87500837BD0 /* ICMessageViewController.m in Sources */ = {isa = PBXBuildFile; fileRef = D484F90E1C60E87500837BD0 /* ICMessageViewController.m */; };
		D4AF92AB1C69AD0000865295 /* ICAboutViewController.m in Sources */ = {isa = PBXBuildFile; fileRef = D4AF92AA1C69AD0000865295 /* ICAboutViewController.m */; };
		D4AF92B11C69BA3E00865295 /* ICMCVolumeViewController.m in Sources */ = {isa = PBXBuildFile; fileRef = D4AF92B01C69BA3E00865295 /* ICMCVolumeViewController.m */; };
		D4AF92B41C69BA7E00865295 /* ICMCVolumeView.m in Sources */ = {isa = PBXBuildFile; fileRef = D4AF92B31C69BA7E00865295 /* ICMCVolumeView.m */; };
		D4B28E7E1C5DD96A00259F89 /* ICTableViewCell.m in Sources */ = {isa = PBXBuildFile; fileRef = D4B28E7D1C5DD96A00259F89 /* ICTableViewCell.m */; };
		D4B28E941C5DDDF600259F89 /* UIBarButtonItem+Extension.m in Sources */ = {isa = PBXBuildFile; fileRef = D4B28E821C5DDDF600259F89 /* UIBarButtonItem+Extension.m */; };
		D4B28E951C5DDDF600259F89 /* UIButton+Extension.m in Sources */ = {isa = PBXBuildFile; fileRef = D4B28E851C5DDDF600259F89 /* UIButton+Extension.m */; };
		D4B28E961C5DDDF600259F89 /* UIColor+Extension.m in Sources */ = {isa = PBXBuildFile; fileRef = D4B28E881C5DDDF600259F89 /* UIColor+Extension.m */; };
		D4B28E971C5DDDF600259F89 /* UIImage+Extension.m in Sources */ = {isa = PBXBuildFile; fileRef = D4B28E8B1C5DDDF600259F89 /* UIImage+Extension.m */; };
		D4B28E981C5DDDF600259F89 /* UINavigationBar+Extension.m in Sources */ = {isa = PBXBuildFile; fileRef = D4B28E8F1C5DDDF600259F89 /* UINavigationBar+Extension.m */; };
		D4B28E991C5DDDF600259F89 /* UINavigationBar.bundle in Resources */ = {isa = PBXBuildFile; fileRef = D4B28E901C5DDDF600259F89 /* UINavigationBar.bundle */; };
		D4B28E9A1C5DDDF600259F89 /* UIView+Extension.m in Sources */ = {isa = PBXBuildFile; fileRef = D4B28E931C5DDDF600259F89 /* UIView+Extension.m */; };
		D4B28EB31C5E0E8E00259F89 /* MUBottomPopCityPickerView.m in Sources */ = {isa = PBXBuildFile; fileRef = D4B28EA71C5E0E8E00259F89 /* MUBottomPopCityPickerView.m */; };
		D4B28EB41C5E0E8E00259F89 /* MUBottomPopDatePickerView.m in Sources */ = {isa = PBXBuildFile; fileRef = D4B28EA91C5E0E8E00259F89 /* MUBottomPopDatePickerView.m */; };
		D4B28EB51C5E0E8E00259F89 /* MUBottomPopGroupPickerView.m in Sources */ = {isa = PBXBuildFile; fileRef = D4B28EAB1C5E0E8E00259F89 /* MUBottomPopGroupPickerView.m */; };
		D4B28EB61C5E0E8E00259F89 /* MUBottomPopNumberPickerView.m in Sources */ = {isa = PBXBuildFile; fileRef = D4B28EAD1C5E0E8E00259F89 /* MUBottomPopNumberPickerView.m */; };
		D4B28EB71C5E0E8E00259F89 /* MUBottomPopPickerView.m in Sources */ = {isa = PBXBuildFile; fileRef = D4B28EAF1C5E0E8E00259F89 /* MUBottomPopPickerView.m */; };
		D4B28EB81C5E0E8E00259F89 /* MUBottomPopView.m in Sources */ = {isa = PBXBuildFile; fileRef = D4B28EB11C5E0E8E00259F89 /* MUBottomPopView.m */; };
		D4B28EB91C5E0E8E00259F89 /* pcr.plist in Resources */ = {isa = PBXBuildFile; fileRef = D4B28EB21C5E0E8E00259F89 /* pcr.plist */; };
		D4B28EBC1C5E0EBA00259F89 /* ICUserDefaults.m in Sources */ = {isa = PBXBuildFile; fileRef = D4B28EBB1C5E0EBA00259F89 /* ICUserDefaults.m */; };
		D4BDED3A1CB9401E00BB8AFC /* CFNetwork.framework in Frameworks */ = {isa = PBXBuildFile; fileRef = D4BDED391CB9401E00BB8AFC /* CFNetwork.framework */; };
		D4BDED3C1CB9402900BB8AFC /* CoreFoundation.framework in Frameworks */ = {isa = PBXBuildFile; fileRef = D4BDED3B1CB9402900BB8AFC /* CoreFoundation.framework */; };
		D4BDED3E1CB9403600BB8AFC /* CoreTelephony.framework in Frameworks */ = {isa = PBXBuildFile; fileRef = D4BDED3D1CB9403600BB8AFC /* CoreTelephony.framework */; };
		D4BDED401CB9404200BB8AFC /* SystemConfiguration.framework in Frameworks */ = {isa = PBXBuildFile; fileRef = D4BDED3F1CB9404200BB8AFC /* SystemConfiguration.framework */; };
		D4BDED421CB9405200BB8AFC /* CoreGraphics.framework in Frameworks */ = {isa = PBXBuildFile; fileRef = D4BDED411CB9405200BB8AFC /* CoreGraphics.framework */; };
		D4BDED441CB9405B00BB8AFC /* Foundation.framework in Frameworks */ = {isa = PBXBuildFile; fileRef = D4BDED431CB9405B00BB8AFC /* Foundation.framework */; };
		D4BDED461CB9406300BB8AFC /* UIKit.framework in Frameworks */ = {isa = PBXBuildFile; fileRef = D4BDED451CB9406300BB8AFC /* UIKit.framework */; };
		D4BDED481CB9406D00BB8AFC /* Security.framework in Frameworks */ = {isa = PBXBuildFile; fileRef = D4BDED471CB9406D00BB8AFC /* Security.framework */; };
		D4BDED4A1CB9407600BB8AFC /* libz.tbd in Frameworks */ = {isa = PBXBuildFile; fileRef = D4BDED491CB9407600BB8AFC /* libz.tbd */; };
		D4BF93421C5CB741005D06AA /* main.m in Sources */ = {isa = PBXBuildFile; fileRef = D4BF93411C5CB741005D06AA /* main.m */; };
		D4BF934D1C5CB741005D06AA /* Assets.xcassets in Resources */ = {isa = PBXBuildFile; fileRef = D4BF934C1C5CB741005D06AA /* Assets.xcassets */; };
		D4BF93791C5CB99D005D06AA /* ICAppDelegate.m in Sources */ = {isa = PBXBuildFile; fileRef = D4BF935B1C5CB99D005D06AA /* ICAppDelegate.m */; };
		D4BF937F1C5CBD0C005D06AA /* ICTabBarViewController.m in Sources */ = {isa = PBXBuildFile; fileRef = D4BF937E1C5CBD0C005D06AA /* ICTabBarViewController.m */; };
		D4BF93821C5CBD32005D06AA /* ICMainViewController.m in Sources */ = {isa = PBXBuildFile; fileRef = D4BF93811C5CBD32005D06AA /* ICMainViewController.m */; };
		D4BF93851C5CBE9A005D06AA /* ICDeviceViewController.m in Sources */ = {isa = PBXBuildFile; fileRef = D4BF93841C5CBE9A005D06AA /* ICDeviceViewController.m */; };
		D4BF93881C5CBF13005D06AA /* ICBatteryViewController.m in Sources */ = {isa = PBXBuildFile; fileRef = D4BF93871C5CBF13005D06AA /* ICBatteryViewController.m */; };
		D4BF938B1C5CBF91005D06AA /* ICProfileViewController.m in Sources */ = {isa = PBXBuildFile; fileRef = D4BF938A1C5CBF91005D06AA /* ICProfileViewController.m */; };
		D4BF938E1C5CC2B1005D06AA /* Localizable.strings in Resources */ = {isa = PBXBuildFile; fileRef = D4BF93901C5CC2B1005D06AA /* Localizable.strings */; };
		D4CB2E3D1C6080E600311399 /* ICSegmentedControl.m in Sources */ = {isa = PBXBuildFile; fileRef = D4CB2E3C1C6080E600311399 /* ICSegmentedControl.m */; };
		D4CB2E401C60836400311399 /* ICTabBar.m in Sources */ = {isa = PBXBuildFile; fileRef = D4CB2E3F1C60836400311399 /* ICTabBar.m */; };
/* End PBXBuildFile section */

/* Begin PBXFileReference section */
		225900FC28075EC794090DAB /* Pods-iController.release.xcconfig */ = {isa = PBXFileReference; includeInIndex = 1; lastKnownFileType = text.xcconfig; name = "Pods-iController.release.xcconfig"; path = "Pods/Target Support Files/Pods-iController/Pods-iController.release.xcconfig"; sourceTree = "<group>"; };
		8A7C5C558FD000A489DEFD19 /* libPods-iController.a */ = {isa = PBXFileReference; explicitFileType = archive.ar; includeInIndex = 0; path = "libPods-iController.a"; sourceTree = BUILT_PRODUCTS_DIR; };
		C999C7AA71CD9377E79BABB8 /* Pods-iController.debug.xcconfig */ = {isa = PBXFileReference; includeInIndex = 1; lastKnownFileType = text.xcconfig; name = "Pods-iController.debug.xcconfig"; path = "Pods/Target Support Files/Pods-iController/Pods-iController.debug.xcconfig"; sourceTree = "<group>"; };
		D41A53631C63C23600F41533 /* ICBatteryStatus.h */ = {isa = PBXFileReference; fileEncoding = 4; lastKnownFileType = sourcecode.c.h; path = ICBatteryStatus.h; sourceTree = "<group>"; };
		D41A53641C63C23600F41533 /* ICBatteryStatus.m */ = {isa = PBXFileReference; fileEncoding = 4; lastKnownFileType = sourcecode.c.objc; path = ICBatteryStatus.m; sourceTree = "<group>"; };
		D41A53661C63C60800F41533 /* ICDeviceItem.h */ = {isa = PBXFileReference; fileEncoding = 4; lastKnownFileType = sourcecode.c.h; path = ICDeviceItem.h; sourceTree = "<group>"; };
		D41A53671C63C60800F41533 /* ICDeviceItem.m */ = {isa = PBXFileReference; fileEncoding = 4; lastKnownFileType = sourcecode.c.objc; path = ICDeviceItem.m; sourceTree = "<group>"; };
		D41A53691C63C79E00F41533 /* ICDeviceGroup.h */ = {isa = PBXFileReference; fileEncoding = 4; lastKnownFileType = sourcecode.c.h; path = ICDeviceGroup.h; sourceTree = "<group>"; };
		D41A536A1C63C79E00F41533 /* ICDeviceGroup.m */ = {isa = PBXFileReference; fileEncoding = 4; lastKnownFileType = sourcecode.c.objc; path = ICDeviceGroup.m; sourceTree = "<group>"; };
		D41A536C1C63C8E600F41533 /* ICProfileItem.h */ = {isa = PBXFileReference; fileEncoding = 4; lastKnownFileType = sourcecode.c.h; path = ICProfileItem.h; sourceTree = "<group>"; };
		D41A536D1C63C8E600F41533 /* ICProfileItem.m */ = {isa = PBXFileReference; fileEncoding = 4; lastKnownFileType = sourcecode.c.objc; path = ICProfileItem.m; sourceTree = "<group>"; };
		D41A536F1C63C95C00F41533 /* Profile.plist */ = {isa = PBXFileReference; fileEncoding = 4; lastKnownFileType = text.plist.xml; path = Profile.plist; sourceTree = "<group>"; };
		D41A53761C63D08F00F41533 /* ICHelpListViewController.h */ = {isa = PBXFileReference; fileEncoding = 4; lastKnownFileType = sourcecode.c.h; path = ICHelpListViewController.h; sourceTree = "<group>"; };
		D41A53771C63D08F00F41533 /* ICHelpListViewController.m */ = {isa = PBXFileReference; fileEncoding = 4; lastKnownFileType = sourcecode.c.objc; path = ICHelpListViewController.m; sourceTree = "<group>"; };
		D41A53791C63D0B400F41533 /* ICHelpListItem.h */ = {isa = PBXFileReference; fileEncoding = 4; lastKnownFileType = sourcecode.c.h; path = ICHelpListItem.h; sourceTree = "<group>"; };
		D41A537A1C63D0B400F41533 /* ICHelpListItem.m */ = {isa = PBXFileReference; fileEncoding = 4; lastKnownFileType = sourcecode.c.objc; path = ICHelpListItem.m; sourceTree = "<group>"; };
		D41A537C1C63D0BF00F41533 /* ICHelpListBundle.h */ = {isa = PBXFileReference; fileEncoding = 4; lastKnownFileType = sourcecode.c.h; path = ICHelpListBundle.h; sourceTree = "<group>"; };
		D41A537D1C63D0BF00F41533 /* ICHelpListBundle.m */ = {isa = PBXFileReference; fileEncoding = 4; lastKnownFileType = sourcecode.c.objc; path = ICHelpListBundle.m; sourceTree = "<group>"; };
		D41A537F1C63D19B00F41533 /* HelpList.plist */ = {isa = PBXFileReference; fileEncoding = 4; lastKnownFileType = text.plist.xml; path = HelpList.plist; sourceTree = "<group>"; };
		D41A53821C63D68300F41533 /* ICGroupTableViewController.h */ = {isa = PBXFileReference; fileEncoding = 4; lastKnownFileType = sourcecode.c.h; path = ICGroupTableViewController.h; sourceTree = "<group>"; };
		D41A53831C63D68300F41533 /* ICGroupTableViewController.m */ = {isa = PBXFileReference; fileEncoding = 4; lastKnownFileType = sourcecode.c.objc; path = ICGroupTableViewController.m; sourceTree = "<group>"; };
		D41D89361C687478008F3AFD /* ICAddressCalulator.h */ = {isa = PBXFileReference; fileEncoding = 4; lastKnownFileType = sourcecode.c.h; path = ICAddressCalulator.h; sourceTree = "<group>"; };
		D41D89371C687478008F3AFD /* ICAddressCalulator.m */ = {isa = PBXFileReference; fileEncoding = 4; lastKnownFileType = sourcecode.c.objc; path = ICAddressCalulator.m; sourceTree = "<group>"; };
		D41D893B1C687760008F3AFD /* ICMCMouseViewController.h */ = {isa = PBXFileReference; fileEncoding = 4; lastKnownFileType = sourcecode.c.h; path = ICMCMouseViewController.h; sourceTree = "<group>"; };
		D41D893C1C687760008F3AFD /* ICMCMouseViewController.m */ = {isa = PBXFileReference; fileEncoding = 4; lastKnownFileType = sourcecode.c.objc; path = ICMCMouseViewController.m; sourceTree = "<group>"; };
		D41D89411C6879AF008F3AFD /* index.html */ = {isa = PBXFileReference; fileEncoding = 4; lastKnownFileType = text.html; path = index.html; sourceTree = "<group>"; };
		D41D89451C687A11008F3AFD /* ICHTMLBrowerViewController.h */ = {isa = PBXFileReference; fileEncoding = 4; lastKnownFileType = sourcecode.c.h; path = ICHTMLBrowerViewController.h; sourceTree = "<group>"; };
		D41D89461C687A11008F3AFD /* ICHTMLBrowerViewController.m */ = {isa = PBXFileReference; fileEncoding = 4; lastKnownFileType = sourcecode.c.objc; path = ICHTMLBrowerViewController.m; sourceTree = "<group>"; };
		D41D89481C687D57008F3AFD /* DeviceItems.plist */ = {isa = PBXFileReference; fileEncoding = 4; lastKnownFileType = text.plist.xml; path = DeviceItems.plist; sourceTree = "<group>"; };
		D42E3F621C5E28BF00DBA224 /* ICNavigationController.h */ = {isa = PBXFileReference; fileEncoding = 4; lastKnownFileType = sourcecode.c.h; path = ICNavigationController.h; sourceTree = "<group>"; };
		D42E3F631C5E28BF00DBA224 /* ICNavigationController.m */ = {isa = PBXFileReference; fileEncoding = 4; lastKnownFileType = sourcecode.c.objc; path = ICNavigationController.m; sourceTree = "<group>"; };
		D42E3F651C5E600B00DBA224 /* ICGroupTableViewTools.h */ = {isa = PBXFileReference; fileEncoding = 4; lastKnownFileType = sourcecode.c.h; path = ICGroupTableViewTools.h; sourceTree = "<group>"; };
		D42E3F661C5E600B00DBA224 /* ICGroupTableViewTools.m */ = {isa = PBXFileReference; fileEncoding = 4; lastKnownFileType = sourcecode.c.objc; path = ICGroupTableViewTools.m; sourceTree = "<group>"; };
		D44AA1BF1C6729D900B66563 /* ICSwitch.h */ = {isa = PBXFileReference; fileEncoding = 4; lastKnownFileType = sourcecode.c.h; path = ICSwitch.h; sourceTree = "<group>"; };
		D44AA1C01C6729D900B66563 /* ICSwitch.m */ = {isa = PBXFileReference; fileEncoding = 4; lastKnownFileType = sourcecode.c.objc; path = ICSwitch.m; sourceTree = "<group>"; };
		D44AA1C21C672D8C00B66563 /* ICMainItem.h */ = {isa = PBXFileReference; fileEncoding = 4; lastKnownFileType = sourcecode.c.h; path = ICMainItem.h; sourceTree = "<group>"; };
		D44AA1C31C672D8C00B66563 /* ICMainItem.m */ = {isa = PBXFileReference; fileEncoding = 4; lastKnownFileType = sourcecode.c.objc; path = ICMainItem.m; sourceTree = "<group>"; };
		D44AA1C51C672DC700B66563 /* MainItems.plist */ = {isa = PBXFileReference; fileEncoding = 4; lastKnownFileType = text.plist.xml; path = MainItems.plist; sourceTree = "<group>"; };
		D44AA1CE1C67314200B66563 /* ICMainControlViewController.h */ = {isa = PBXFileReference; fileEncoding = 4; lastKnownFileType = sourcecode.c.h; path = ICMainControlViewController.h; sourceTree = "<group>"; };
		D44AA1CF1C67314200B66563 /* ICMainControlViewController.m */ = {isa = PBXFileReference; fileEncoding = 4; lastKnownFileType = sourcecode.c.objc; path = ICMainControlViewController.m; sourceTree = "<group>"; };
		D44AA1D11C67317500B66563 /* ICControlButton.h */ = {isa = PBXFileReference; fileEncoding = 4; lastKnownFileType = sourcecode.c.h; path = ICControlButton.h; sourceTree = "<group>"; };
		D44AA1D21C67317500B66563 /* ICControlButton.m */ = {isa = PBXFileReference; fileEncoding = 4; lastKnownFileType = sourcecode.c.objc; path = ICControlButton.m; sourceTree = "<group>"; };
		D44AA1D41C6734BC00B66563 /* ICMCScreenViewController.h */ = {isa = PBXFileReference; fileEncoding = 4; lastKnownFileType = sourcecode.c.h; path = ICMCScreenViewController.h; sourceTree = "<group>"; };
		D44AA1D51C6734BC00B66563 /* ICMCScreenViewController.m */ = {isa = PBXFileReference; fileEncoding = 4; lastKnownFileType = sourcecode.c.objc; path = ICMCScreenViewController.m; sourceTree = "<group>"; };
		D46465A51C63DD8500E5A268 /* ICServiceItem.h */ = {isa = PBXFileReference; fileEncoding = 4; lastKnownFileType = sourcecode.c.h; path = ICServiceItem.h; sourceTree = "<group>"; };
		D46465A61C63DD8500E5A268 /* ICServiceItem.m */ = {isa = PBXFileReference; fileEncoding = 4; lastKnownFileType = sourcecode.c.objc; path = ICServiceItem.m; sourceTree = "<group>"; };
		D46465A81C63DDDC00E5A268 /* ServiceList.plist */ = {isa = PBXFileReference; fileEncoding = 4; lastKnownFileType = text.plist.xml; path = ServiceList.plist; sourceTree = "<group>"; };
		D47BCBFA1C60D8B100B4C057 /* ICServiceViewController.h */ = {isa = PBXFileReference; fileEncoding = 4; lastKnownFileType = sourcecode.c.h; path = ICServiceViewController.h; sourceTree = "<group>"; };
		D47BCBFB1C60D8B100B4C057 /* ICServiceViewController.m */ = {isa = PBXFileReference; fileEncoding = 4; lastKnownFileType = sourcecode.c.objc; path = ICServiceViewController.m; sourceTree = "<group>"; };
		D47BCBFD1C60DA7400B4C057 /* ICProfilePortCell.h */ = {isa = PBXFileReference; fileEncoding = 4; lastKnownFileType = sourcecode.c.h; path = ICProfilePortCell.h; sourceTree = "<group>"; };
		D47BCBFE1C60DA7400B4C057 /* ICProfileTimeoutCell.h */ = {isa = PBXFileReference; fileEncoding = 4; lastKnownFileType = sourcecode.c.h; path = ICProfileTimeoutCell.h; sourceTree = "<group>"; };
		D47BCBFF1C60DA7400B4C057 /* ICProfileTimeoutCell.m */ = {isa = PBXFileReference; fileEncoding = 4; lastKnownFileType = sourcecode.c.objc; path = ICProfileTimeoutCell.m; sourceTree = "<group>"; };
		D47BCC001C60DA7400B4C057 /* ICProfileAddressCell.m */ = {isa = PBXFileReference; fileEncoding = 4; lastKnownFileType = sourcecode.c.objc; path = ICProfileAddressCell.m; sourceTree = "<group>"; };
		D47BCC011C60DA7400B4C057 /* ICProfileAddressCell.h */ = {isa = PBXFileReference; fileEncoding = 4; lastKnownFileType = sourcecode.c.h; path = ICProfileAddressCell.h; sourceTree = "<group>"; };
		D47BCC041C60DA9F00B4C057 /* ICPortCalculator.h */ = {isa = PBXFileReference; fileEncoding = 4; lastKnownFileType = sourcecode.c.h; path = ICPortCalculator.h; sourceTree = "<group>"; };
		D47BCC051C60DA9F00B4C057 /* ICPortCalculator.m */ = {isa = PBXFileReference; fileEncoding = 4; lastKnownFileType = sourcecode.c.objc; path = ICPortCalculator.m; sourceTree = "<group>"; };
		D47BCC071C60DB7500B4C057 /* ICProfilePortCell.m */ = {isa = PBXFileReference; fileEncoding = 4; lastKnownFileType = sourcecode.c.objc; path = ICProfilePortCell.m; sourceTree = "<group>"; };
		D484F90D1C60E87500837BD0 /* ICMessageViewController.h */ = {isa = PBXFileReference; fileEncoding = 4; lastKnownFileType = sourcecode.c.h; path = ICMessageViewController.h; sourceTree = "<group>"; };
		D484F90E1C60E87500837BD0 /* ICMessageViewController.m */ = {isa = PBXFileReference; fileEncoding = 4; lastKnownFileType = sourcecode.c.objc; path = ICMessageViewController.m; sourceTree = "<group>"; };
		D4AF92A91C69AD0000865295 /* ICAboutViewController.h */ = {isa = PBXFileReference; fileEncoding = 4; lastKnownFileType = sourcecode.c.h; path = ICAboutViewController.h; sourceTree = "<group>"; };
		D4AF92AA1C69AD0000865295 /* ICAboutViewController.m */ = {isa = PBXFileReference; fileEncoding = 4; lastKnownFileType = sourcecode.c.objc; path = ICAboutViewController.m; sourceTree = "<group>"; };
		D4AF92AF1C69BA3E00865295 /* ICMCVolumeViewController.h */ = {isa = PBXFileReference; fileEncoding = 4; lastKnownFileType = sourcecode.c.h; path = ICMCVolumeViewController.h; sourceTree = "<group>"; };
		D4AF92B01C69BA3E00865295 /* ICMCVolumeViewController.m */ = {isa = PBXFileReference; fileEncoding = 4; lastKnownFileType = sourcecode.c.objc; path = ICMCVolumeViewController.m; sourceTree = "<group>"; };
		D4AF92B21C69BA7E00865295 /* ICMCVolumeView.h */ = {isa = PBXFileReference; fileEncoding = 4; lastKnownFileType = sourcecode.c.h; path = ICMCVolumeView.h; sourceTree = "<group>"; };
		D4AF92B31C69BA7E00865295 /* ICMCVolumeView.m */ = {isa = PBXFileReference; fileEncoding = 4; lastKnownFileType = sourcecode.c.objc; path = ICMCVolumeView.m; sourceTree = "<group>"; };
		D4B28E7C1C5DD96A00259F89 /* ICTableViewCell.h */ = {isa = PBXFileReference; fileEncoding = 4; lastKnownFileType = sourcecode.c.h; path = ICTableViewCell.h; sourceTree = "<group>"; };
		D4B28E7D1C5DD96A00259F89 /* ICTableViewCell.m */ = {isa = PBXFileReference; fileEncoding = 4; lastKnownFileType = sourcecode.c.objc; path = ICTableViewCell.m; sourceTree = "<group>"; };
		D4B28E811C5DDDF600259F89 /* UIBarButtonItem+Extension.h */ = {isa = PBXFileReference; fileEncoding = 4; lastKnownFileType = sourcecode.c.h; path = "UIBarButtonItem+Extension.h"; sourceTree = "<group>"; };
		D4B28E821C5DDDF600259F89 /* UIBarButtonItem+Extension.m */ = {isa = PBXFileReference; fileEncoding = 4; lastKnownFileType = sourcecode.c.objc; path = "UIBarButtonItem+Extension.m"; sourceTree = "<group>"; };
		D4B28E841C5DDDF600259F89 /* UIButton+Extension.h */ = {isa = PBXFileReference; fileEncoding = 4; lastKnownFileType = sourcecode.c.h; path = "UIButton+Extension.h"; sourceTree = "<group>"; };
		D4B28E851C5DDDF600259F89 /* UIButton+Extension.m */ = {isa = PBXFileReference; fileEncoding = 4; lastKnownFileType = sourcecode.c.objc; path = "UIButton+Extension.m"; sourceTree = "<group>"; };
		D4B28E871C5DDDF600259F89 /* UIColor+Extension.h */ = {isa = PBXFileReference; fileEncoding = 4; lastKnownFileType = sourcecode.c.h; path = "UIColor+Extension.h"; sourceTree = "<group>"; };
		D4B28E881C5DDDF600259F89 /* UIColor+Extension.m */ = {isa = PBXFileReference; fileEncoding = 4; lastKnownFileType = sourcecode.c.objc; path = "UIColor+Extension.m"; sourceTree = "<group>"; };
		D4B28E8A1C5DDDF600259F89 /* UIImage+Extension.h */ = {isa = PBXFileReference; fileEncoding = 4; lastKnownFileType = sourcecode.c.h; path = "UIImage+Extension.h"; sourceTree = "<group>"; };
		D4B28E8B1C5DDDF600259F89 /* UIImage+Extension.m */ = {isa = PBXFileReference; fileEncoding = 4; lastKnownFileType = sourcecode.c.objc; path = "UIImage+Extension.m"; sourceTree = "<group>"; };
		D4B28E8C1C5DDDF600259F89 /* UIKit+Extension.h */ = {isa = PBXFileReference; fileEncoding = 4; lastKnownFileType = sourcecode.c.h; path = "UIKit+Extension.h"; sourceTree = "<group>"; };
		D4B28E8E1C5DDDF600259F89 /* UINavigationBar+Extension.h */ = {isa = PBXFileReference; fileEncoding = 4; lastKnownFileType = sourcecode.c.h; path = "UINavigationBar+Extension.h"; sourceTree = "<group>"; };
		D4B28E8F1C5DDDF600259F89 /* UINavigationBar+Extension.m */ = {isa = PBXFileReference; fileEncoding = 4; lastKnownFileType = sourcecode.c.objc; path = "UINavigationBar+Extension.m"; sourceTree = "<group>"; };
		D4B28E901C5DDDF600259F89 /* UINavigationBar.bundle */ = {isa = PBXFileReference; lastKnownFileType = "wrapper.plug-in"; path = UINavigationBar.bundle; sourceTree = "<group>"; };
		D4B28E921C5DDDF600259F89 /* UIView+Extension.h */ = {isa = PBXFileReference; fileEncoding = 4; lastKnownFileType = sourcecode.c.h; path = "UIView+Extension.h"; sourceTree = "<group>"; };
		D4B28E931C5DDDF600259F89 /* UIView+Extension.m */ = {isa = PBXFileReference; fileEncoding = 4; lastKnownFileType = sourcecode.c.objc; path = "UIView+Extension.m"; sourceTree = "<group>"; };
		D4B28E9B1C5DDE1300259F89 /* PrefixHeader.pch */ = {isa = PBXFileReference; lastKnownFileType = sourcecode.c.h; path = PrefixHeader.pch; sourceTree = "<group>"; };
		D4B28EA61C5E0E8E00259F89 /* MUBottomPopCityPickerView.h */ = {isa = PBXFileReference; fileEncoding = 4; lastKnownFileType = sourcecode.c.h; path = MUBottomPopCityPickerView.h; sourceTree = "<group>"; };
		D4B28EA71C5E0E8E00259F89 /* MUBottomPopCityPickerView.m */ = {isa = PBXFileReference; fileEncoding = 4; lastKnownFileType = sourcecode.c.objc; path = MUBottomPopCityPickerView.m; sourceTree = "<group>"; };
		D4B28EA81C5E0E8E00259F89 /* MUBottomPopDatePickerView.h */ = {isa = PBXFileReference; fileEncoding = 4; lastKnownFileType = sourcecode.c.h; path = MUBottomPopDatePickerView.h; sourceTree = "<group>"; };
		D4B28EA91C5E0E8E00259F89 /* MUBottomPopDatePickerView.m */ = {isa = PBXFileReference; fileEncoding = 4; lastKnownFileType = sourcecode.c.objc; path = MUBottomPopDatePickerView.m; sourceTree = "<group>"; };
		D4B28EAA1C5E0E8E00259F89 /* MUBottomPopGroupPickerView.h */ = {isa = PBXFileReference; fileEncoding = 4; lastKnownFileType = sourcecode.c.h; path = MUBottomPopGroupPickerView.h; sourceTree = "<group>"; };
		D4B28EAB1C5E0E8E00259F89 /* MUBottomPopGroupPickerView.m */ = {isa = PBXFileReference; fileEncoding = 4; lastKnownFileType = sourcecode.c.objc; path = MUBottomPopGroupPickerView.m; sourceTree = "<group>"; };
		D4B28EAC1C5E0E8E00259F89 /* MUBottomPopNumberPickerView.h */ = {isa = PBXFileReference; fileEncoding = 4; lastKnownFileType = sourcecode.c.h; path = MUBottomPopNumberPickerView.h; sourceTree = "<group>"; };
		D4B28EAD1C5E0E8E00259F89 /* MUBottomPopNumberPickerView.m */ = {isa = PBXFileReference; fileEncoding = 4; lastKnownFileType = sourcecode.c.objc; path = MUBottomPopNumberPickerView.m; sourceTree = "<group>"; };
		D4B28EAE1C5E0E8E00259F89 /* MUBottomPopPickerView.h */ = {isa = PBXFileReference; fileEncoding = 4; lastKnownFileType = sourcecode.c.h; path = MUBottomPopPickerView.h; sourceTree = "<group>"; };
		D4B28EAF1C5E0E8E00259F89 /* MUBottomPopPickerView.m */ = {isa = PBXFileReference; fileEncoding = 4; lastKnownFileType = sourcecode.c.objc; path = MUBottomPopPickerView.m; sourceTree = "<group>"; };
		D4B28EB01C5E0E8E00259F89 /* MUBottomPopView.h */ = {isa = PBXFileReference; fileEncoding = 4; lastKnownFileType = sourcecode.c.h; path = MUBottomPopView.h; sourceTree = "<group>"; };
		D4B28EB11C5E0E8E00259F89 /* MUBottomPopView.m */ = {isa = PBXFileReference; fileEncoding = 4; lastKnownFileType = sourcecode.c.objc; path = MUBottomPopView.m; sourceTree = "<group>"; };
		D4B28EB21C5E0E8E00259F89 /* pcr.plist */ = {isa = PBXFileReference; fileEncoding = 4; lastKnownFileType = text.plist.xml; path = pcr.plist; sourceTree = "<group>"; };
		D4B28EBA1C5E0EBA00259F89 /* ICUserDefaults.h */ = {isa = PBXFileReference; fileEncoding = 4; lastKnownFileType = sourcecode.c.h; path = ICUserDefaults.h; sourceTree = "<group>"; };
		D4B28EBB1C5E0EBA00259F89 /* ICUserDefaults.m */ = {isa = PBXFileReference; fileEncoding = 4; lastKnownFileType = sourcecode.c.objc; path = ICUserDefaults.m; sourceTree = "<group>"; };
		D4B28EBD1C5E182200259F89 /* Const.h */ = {isa = PBXFileReference; lastKnownFileType = sourcecode.c.h; path = Const.h; sourceTree = "<group>"; };
		D4BDED391CB9401E00BB8AFC /* CFNetwork.framework */ = {isa = PBXFileReference; lastKnownFileType = wrapper.framework; name = CFNetwork.framework; path = System/Library/Frameworks/CFNetwork.framework; sourceTree = SDKROOT; };
		D4BDED3B1CB9402900BB8AFC /* CoreFoundation.framework */ = {isa = PBXFileReference; lastKnownFileType = wrapper.framework; name = CoreFoundation.framework; path = System/Library/Frameworks/CoreFoundation.framework; sourceTree = SDKROOT; };
		D4BDED3D1CB9403600BB8AFC /* CoreTelephony.framework */ = {isa = PBXFileReference; lastKnownFileType = wrapper.framework; name = CoreTelephony.framework; path = System/Library/Frameworks/CoreTelephony.framework; sourceTree = SDKROOT; };
		D4BDED3F1CB9404200BB8AFC /* SystemConfiguration.framework */ = {isa = PBXFileReference; lastKnownFileType = wrapper.framework; name = SystemConfiguration.framework; path = System/Library/Frameworks/SystemConfiguration.framework; sourceTree = SDKROOT; };
		D4BDED411CB9405200BB8AFC /* CoreGraphics.framework */ = {isa = PBXFileReference; lastKnownFileType = wrapper.framework; name = CoreGraphics.framework; path = System/Library/Frameworks/CoreGraphics.framework; sourceTree = SDKROOT; };
		D4BDED431CB9405B00BB8AFC /* Foundation.framework */ = {isa = PBXFileReference; lastKnownFileType = wrapper.framework; name = Foundation.framework; path = System/Library/Frameworks/Foundation.framework; sourceTree = SDKROOT; };
		D4BDED451CB9406300BB8AFC /* UIKit.framework */ = {isa = PBXFileReference; lastKnownFileType = wrapper.framework; name = UIKit.framework; path = System/Library/Frameworks/UIKit.framework; sourceTree = SDKROOT; };
		D4BDED471CB9406D00BB8AFC /* Security.framework */ = {isa = PBXFileReference; lastKnownFileType = wrapper.framework; name = Security.framework; path = System/Library/Frameworks/Security.framework; sourceTree = SDKROOT; };
		D4BDED491CB9407600BB8AFC /* libz.tbd */ = {isa = PBXFileReference; lastKnownFileType = "sourcecode.text-based-dylib-definition"; name = libz.tbd; path = usr/lib/libz.tbd; sourceTree = SDKROOT; };
		D4BF933D1C5CB741005D06AA /* iController.app */ = {isa = PBXFileReference; explicitFileType = wrapper.application; includeInIndex = 0; path = iController.app; sourceTree = BUILT_PRODUCTS_DIR; };
		D4BF93411C5CB741005D06AA /* main.m */ = {isa = PBXFileReference; lastKnownFileType = sourcecode.c.objc; path = main.m; sourceTree = "<group>"; };
		D4BF934C1C5CB741005D06AA /* Assets.xcassets */ = {isa = PBXFileReference; lastKnownFileType = folder.assetcatalog; path = Assets.xcassets; sourceTree = "<group>"; };
		D4BF93511C5CB741005D06AA /* Info.plist */ = {isa = PBXFileReference; lastKnownFileType = text.plist.xml; path = Info.plist; sourceTree = "<group>"; };
		D4BF935A1C5CB99D005D06AA /* ICAppDelegate.h */ = {isa = PBXFileReference; fileEncoding = 4; lastKnownFileType = sourcecode.c.h; path = ICAppDelegate.h; sourceTree = "<group>"; };
		D4BF935B1C5CB99D005D06AA /* ICAppDelegate.m */ = {isa = PBXFileReference; fileEncoding = 4; lastKnownFileType = sourcecode.c.objc; path = ICAppDelegate.m; sourceTree = "<group>"; };
		D4BF937D1C5CBD0C005D06AA /* ICTabBarViewController.h */ = {isa = PBXFileReference; fileEncoding = 4; lastKnownFileType = sourcecode.c.h; path = ICTabBarViewController.h; sourceTree = "<group>"; };
		D4BF937E1C5CBD0C005D06AA /* ICTabBarViewController.m */ = {isa = PBXFileReference; fileEncoding = 4; lastKnownFileType = sourcecode.c.objc; path = ICTabBarViewController.m; sourceTree = "<group>"; };
		D4BF93801C5CBD32005D06AA /* ICMainViewController.h */ = {isa = PBXFileReference; fileEncoding = 4; lastKnownFileType = sourcecode.c.h; path = ICMainViewController.h; sourceTree = "<group>"; };
		D4BF93811C5CBD32005D06AA /* ICMainViewController.m */ = {isa = PBXFileReference; fileEncoding = 4; lastKnownFileType = sourcecode.c.objc; path = ICMainViewController.m; sourceTree = "<group>"; };
		D4BF93831C5CBE9A005D06AA /* ICDeviceViewController.h */ = {isa = PBXFileReference; fileEncoding = 4; lastKnownFileType = sourcecode.c.h; path = ICDeviceViewController.h; sourceTree = "<group>"; };
		D4BF93841C5CBE9A005D06AA /* ICDeviceViewController.m */ = {isa = PBXFileReference; fileEncoding = 4; lastKnownFileType = sourcecode.c.objc; path = ICDeviceViewController.m; sourceTree = "<group>"; };
		D4BF93861C5CBF13005D06AA /* ICBatteryViewController.h */ = {isa = PBXFileReference; fileEncoding = 4; lastKnownFileType = sourcecode.c.h; path = ICBatteryViewController.h; sourceTree = "<group>"; };
		D4BF93871C5CBF13005D06AA /* ICBatteryViewController.m */ = {isa = PBXFileReference; fileEncoding = 4; lastKnownFileType = sourcecode.c.objc; path = ICBatteryViewController.m; sourceTree = "<group>"; };
		D4BF93891C5CBF91005D06AA /* ICProfileViewController.h */ = {isa = PBXFileReference; fileEncoding = 4; lastKnownFileType = sourcecode.c.h; path = ICProfileViewController.h; sourceTree = "<group>"; };
		D4BF938A1C5CBF91005D06AA /* ICProfileViewController.m */ = {isa = PBXFileReference; fileEncoding = 4; lastKnownFileType = sourcecode.c.objc; path = ICProfileViewController.m; sourceTree = "<group>"; };
		D4BF93911C5CC2B9005D06AA /* zh-Hans */ = {isa = PBXFileReference; lastKnownFileType = text.plist.strings; name = "zh-Hans"; path = "zh-Hans.lproj/Localizable.strings"; sourceTree = "<group>"; };
		D4CB2E3B1C6080E600311399 /* ICSegmentedControl.h */ = {isa = PBXFileReference; fileEncoding = 4; lastKnownFileType = sourcecode.c.h; path = ICSegmentedControl.h; sourceTree = "<group>"; };
		D4CB2E3C1C6080E600311399 /* ICSegmentedControl.m */ = {isa = PBXFileReference; fileEncoding = 4; lastKnownFileType = sourcecode.c.objc; path = ICSegmentedControl.m; sourceTree = "<group>"; };
		D4CB2E3E1C60836400311399 /* ICTabBar.h */ = {isa = PBXFileReference; fileEncoding = 4; lastKnownFileType = sourcecode.c.h; path = ICTabBar.h; sourceTree = "<group>"; };
		D4CB2E3F1C60836400311399 /* ICTabBar.m */ = {isa = PBXFileReference; fileEncoding = 4; lastKnownFileType = sourcecode.c.objc; path = ICTabBar.m; sourceTree = "<group>"; };
/* End PBXFileReference section */

/* Begin PBXFrameworksBuildPhase section */
		D4BF933A1C5CB741005D06AA /* Frameworks */ = {
			isa = PBXFrameworksBuildPhase;
			buildActionMask = 2147483647;
			files = (
				D4BDED4A1CB9407600BB8AFC /* libz.tbd in Frameworks */,
				D4BDED481CB9406D00BB8AFC /* Security.framework in Frameworks */,
				D4BDED461CB9406300BB8AFC /* UIKit.framework in Frameworks */,
				D4BDED441CB9405B00BB8AFC /* Foundation.framework in Frameworks */,
				D4BDED421CB9405200BB8AFC /* CoreGraphics.framework in Frameworks */,
				D4BDED401CB9404200BB8AFC /* SystemConfiguration.framework in Frameworks */,
				D4BDED3E1CB9403600BB8AFC /* CoreTelephony.framework in Frameworks */,
				D4BDED3C1CB9402900BB8AFC /* CoreFoundation.framework in Frameworks */,
				D4BDED3A1CB9401E00BB8AFC /* CFNetwork.framework in Frameworks */,
				85DAE448DE85FA823BE32105 /* libPods-iController.a in Frameworks */,
			);
			runOnlyForDeploymentPostprocessing = 0;
		};
/* End PBXFrameworksBuildPhase section */

/* Begin PBXGroup section */
		00E8B9C492786B5907F3C580 /* Pods */ = {
			isa = PBXGroup;
			children = (
				C999C7AA71CD9377E79BABB8 /* Pods-iController.debug.xcconfig */,
				225900FC28075EC794090DAB /* Pods-iController.release.xcconfig */,
			);
			name = Pods;
			sourceTree = "<group>";
		};
		D41A53711C63D06500F41533 /* SettingHelper */ = {
			isa = PBXGroup;
			children = (
				D41A53721C63D06500F41533 /* Controller */,
				D41A53731C63D06500F41533 /* Model */,
				D41A53741C63D06500F41533 /* Tools */,
				D41A53751C63D06500F41533 /* View */,
			);
			path = SettingHelper;
			sourceTree = "<group>";
		};
		D41A53721C63D06500F41533 /* Controller */ = {
			isa = PBXGroup;
			children = (
				D41A53761C63D08F00F41533 /* ICHelpListViewController.h */,
				D41A53771C63D08F00F41533 /* ICHelpListViewController.m */,
			);
			path = Controller;
			sourceTree = "<group>";
		};
		D41A53731C63D06500F41533 /* Model */ = {
			isa = PBXGroup;
			children = (
				D41A53791C63D0B400F41533 /* ICHelpListItem.h */,
				D41A537A1C63D0B400F41533 /* ICHelpListItem.m */,
				D41A537C1C63D0BF00F41533 /* ICHelpListBundle.h */,
				D41A537D1C63D0BF00F41533 /* ICHelpListBundle.m */,
				D41A537F1C63D19B00F41533 /* HelpList.plist */,
			);
			path = Model;
			sourceTree = "<group>";
		};
		D41A53741C63D06500F41533 /* Tools */ = {
			isa = PBXGroup;
			children = (
			);
			path = Tools;
			sourceTree = "<group>";
		};
		D41A53751C63D06500F41533 /* View */ = {
			isa = PBXGroup;
			children = (
			);
			path = View;
			sourceTree = "<group>";
		};
		D41A53811C63D67100F41533 /* TableView */ = {
			isa = PBXGroup;
			children = (
				D41A53821C63D68300F41533 /* ICGroupTableViewController.h */,
				D41A53831C63D68300F41533 /* ICGroupTableViewController.m */,
			);
			path = TableView;
			sourceTree = "<group>";
		};
		D41D89391C687747008F3AFD /* MainMouse */ = {
			isa = PBXGroup;
			children = (
				D41D893A1C687747008F3AFD /* Controller */,
			);
			path = MainMouse;
			sourceTree = "<group>";
		};
		D41D893A1C687747008F3AFD /* Controller */ = {
			isa = PBXGroup;
			children = (
				D41D893B1C687760008F3AFD /* ICMCMouseViewController.h */,
				D41D893C1C687760008F3AFD /* ICMCMouseViewController.m */,
			);
			path = Controller;
			sourceTree = "<group>";
		};
		D41D893E1C6879AF008F3AFD /* Resources */ = {
			isa = PBXGroup;
			children = (
				D41D893F1C6879AF008F3AFD /* HelpCenter */,
			);
			path = Resources;
			sourceTree = "<group>";
		};
		D41D893F1C6879AF008F3AFD /* HelpCenter */ = {
			isa = PBXGroup;
			children = (
				D41D89401C6879AF008F3AFD /* HTML */,
			);
			path = HelpCenter;
			sourceTree = "<group>";
		};
		D41D89401C6879AF008F3AFD /* HTML */ = {
			isa = PBXGroup;
			children = (
				D41D89411C6879AF008F3AFD /* index.html */,
			);
			path = HTML;
			sourceTree = "<group>";
		};
		D41D89431C6879F6008F3AFD /* HTMLBrowser */ = {
			isa = PBXGroup;
			children = (
				D41D89441C6879F6008F3AFD /* Controller */,
			);
			path = HTMLBrowser;
			sourceTree = "<group>";
		};
		D41D89441C6879F6008F3AFD /* Controller */ = {
			isa = PBXGroup;
			children = (
				D41D89451C687A11008F3AFD /* ICHTMLBrowerViewController.h */,
				D41D89461C687A11008F3AFD /* ICHTMLBrowerViewController.m */,
			);
			path = Controller;
			sourceTree = "<group>";
		};
		D42E3F601C5E28AD00DBA224 /* Controller */ = {
			isa = PBXGroup;
			children = (
				D44AA1CD1C67312700B66563 /* MainControl */,
				D42E3F611C5E28AD00DBA224 /* Navigation */,
				D41A53811C63D67100F41533 /* TableView */,
			);
			path = Controller;
			sourceTree = "<group>";
		};
		D42E3F611C5E28AD00DBA224 /* Navigation */ = {
			isa = PBXGroup;
			children = (
				D42E3F621C5E28BF00DBA224 /* ICNavigationController.h */,
				D42E3F631C5E28BF00DBA224 /* ICNavigationController.m */,
			);
			path = Navigation;
			sourceTree = "<group>";
		};
		D44AA1C71C6730E500B66563 /* MainScreen */ = {
			isa = PBXGroup;
			children = (
				D44AA1C81C6730E500B66563 /* Controller */,
			);
			path = MainScreen;
			sourceTree = "<group>";
		};
		D44AA1C81C6730E500B66563 /* Controller */ = {
			isa = PBXGroup;
			children = (
				D44AA1D41C6734BC00B66563 /* ICMCScreenViewController.h */,
				D44AA1D51C6734BC00B66563 /* ICMCScreenViewController.m */,
			);
			path = Controller;
			sourceTree = "<group>";
		};
		D44AA1CD1C67312700B66563 /* MainControl */ = {
			isa = PBXGroup;
			children = (
				D44AA1CE1C67314200B66563 /* ICMainControlViewController.h */,
				D44AA1CF1C67314200B66563 /* ICMainControlViewController.m */,
				D44AA1D11C67317500B66563 /* ICControlButton.h */,
				D44AA1D21C67317500B66563 /* ICControlButton.m */,
			);
			path = MainControl;
			sourceTree = "<group>";
		};
		D47BCBF51C60D87A00B4C057 /* SettingService */ = {
			isa = PBXGroup;
			children = (
				D47BCBF61C60D87A00B4C057 /* Controller */,
				D47BCBF71C60D87A00B4C057 /* Model */,
				D47BCBF81C60D87A00B4C057 /* Tools */,
				D47BCBF91C60D87A00B4C057 /* View */,
			);
			path = SettingService;
			sourceTree = "<group>";
		};
		D47BCBF61C60D87A00B4C057 /* Controller */ = {
			isa = PBXGroup;
			children = (
				D47BCBFA1C60D8B100B4C057 /* ICServiceViewController.h */,
				D47BCBFB1C60D8B100B4C057 /* ICServiceViewController.m */,
			);
			path = Controller;
			sourceTree = "<group>";
		};
		D47BCBF71C60D87A00B4C057 /* Model */ = {
			isa = PBXGroup;
			children = (
				D46465A51C63DD8500E5A268 /* ICServiceItem.h */,
				D46465A61C63DD8500E5A268 /* ICServiceItem.m */,
				D46465A81C63DDDC00E5A268 /* ServiceList.plist */,
			);
			path = Model;
			sourceTree = "<group>";
		};
		D47BCBF81C60D87A00B4C057 /* Tools */ = {
			isa = PBXGroup;
			children = (
				D47BCC041C60DA9F00B4C057 /* ICPortCalculator.h */,
				D47BCC051C60DA9F00B4C057 /* ICPortCalculator.m */,
				D41D89361C687478008F3AFD /* ICAddressCalulator.h */,
				D41D89371C687478008F3AFD /* ICAddressCalulator.m */,
			);
			path = Tools;
			sourceTree = "<group>";
		};
		D47BCBF91C60D87A00B4C057 /* View */ = {
			isa = PBXGroup;
			children = (
				D47BCBFD1C60DA7400B4C057 /* ICProfilePortCell.h */,
				D47BCC071C60DB7500B4C057 /* ICProfilePortCell.m */,
				D47BCBFE1C60DA7400B4C057 /* ICProfileTimeoutCell.h */,
				D47BCBFF1C60DA7400B4C057 /* ICProfileTimeoutCell.m */,
				D47BCC011C60DA7400B4C057 /* ICProfileAddressCell.h */,
				D47BCC001C60DA7400B4C057 /* ICProfileAddressCell.m */,
			);
			path = View;
			sourceTree = "<group>";
		};
		D47BCC091C60E85200B4C057 /* SettingMessage */ = {
			isa = PBXGroup;
			children = (
				D47BCC0A1C60E85200B4C057 /* Controller */,
				D47BCC0B1C60E85200B4C057 /* Model */,
				D47BCC0C1C60E85200B4C057 /* Tools */,
				D47BCC0D1C60E85200B4C057 /* View */,
			);
			path = SettingMessage;
			sourceTree = "<group>";
		};
		D47BCC0A1C60E85200B4C057 /* Controller */ = {
			isa = PBXGroup;
			children = (
				D484F90D1C60E87500837BD0 /* ICMessageViewController.h */,
				D484F90E1C60E87500837BD0 /* ICMessageViewController.m */,
			);
			path = Controller;
			sourceTree = "<group>";
		};
		D47BCC0B1C60E85200B4C057 /* Model */ = {
			isa = PBXGroup;
			children = (
			);
			path = Model;
			sourceTree = "<group>";
		};
		D47BCC0C1C60E85200B4C057 /* Tools */ = {
			isa = PBXGroup;
			children = (
			);
			path = Tools;
			sourceTree = "<group>";
		};
		D47BCC0D1C60E85200B4C057 /* View */ = {
			isa = PBXGroup;
			children = (
			);
			path = View;
			sourceTree = "<group>";
		};
		D4AF92A71C69ACF100865295 /* SettingAbout */ = {
			isa = PBXGroup;
			children = (
				D4AF92A81C69ACF100865295 /* Controller */,
			);
			path = SettingAbout;
			sourceTree = "<group>";
		};
		D4AF92A81C69ACF100865295 /* Controller */ = {
			isa = PBXGroup;
			children = (
				D4AF92A91C69AD0000865295 /* ICAboutViewController.h */,
				D4AF92AA1C69AD0000865295 /* ICAboutViewController.m */,
			);
			path = Controller;
			sourceTree = "<group>";
		};
		D4AF92AC1C69BA1B00865295 /* MainVolume */ = {
			isa = PBXGroup;
			children = (
				D4AF92AD1C69BA1B00865295 /* Controller */,
				D4AF92AE1C69BA1B00865295 /* View */,
			);
			path = MainVolume;
			sourceTree = "<group>";
		};
		D4AF92AD1C69BA1B00865295 /* Controller */ = {
			isa = PBXGroup;
			children = (
				D4AF92AF1C69BA3E00865295 /* ICMCVolumeViewController.h */,
				D4AF92B01C69BA3E00865295 /* ICMCVolumeViewController.m */,
			);
			path = Controller;
			sourceTree = "<group>";
		};
		D4AF92AE1C69BA1B00865295 /* View */ = {
			isa = PBXGroup;
			children = (
				D4AF92B21C69BA7E00865295 /* ICMCVolumeView.h */,
				D4AF92B31C69BA7E00865295 /* ICMCVolumeView.m */,
			);
			path = View;
			sourceTree = "<group>";
		};
		D4B28E7B1C5DD96000259F89 /* View */ = {
			isa = PBXGroup;
			children = (
				D4B28E7C1C5DD96A00259F89 /* ICTableViewCell.h */,
				D4B28E7D1C5DD96A00259F89 /* ICTableViewCell.m */,
				D4CB2E3B1C6080E600311399 /* ICSegmentedControl.h */,
				D4CB2E3C1C6080E600311399 /* ICSegmentedControl.m */,
				D44AA1BF1C6729D900B66563 /* ICSwitch.h */,
				D44AA1C01C6729D900B66563 /* ICSwitch.m */,
			);
			path = View;
			sourceTree = "<group>";
		};
		D4B28E7F1C5DDDF600259F89 /* UIKit */ = {
			isa = PBXGroup;
			children = (
				D4B28E801C5DDDF600259F89 /* UIBarButtonItem */,
				D4B28E831C5DDDF600259F89 /* UIButton */,
				D4B28E861C5DDDF600259F89 /* UIColor */,
				D4B28E891C5DDDF600259F89 /* UIImage */,
				D4B28E8C1C5DDDF600259F89 /* UIKit+Extension.h */,
				D4B28E8D1C5DDDF600259F89 /* UINavigationBar */,
				D4B28E911C5DDDF600259F89 /* UIView */,
			);
			path = UIKit;
			sourceTree = "<group>";
		};
		D4B28E801C5DDDF600259F89 /* UIBarButtonItem */ = {
			isa = PBXGroup;
			children = (
				D4B28E811C5DDDF600259F89 /* UIBarButtonItem+Extension.h */,
				D4B28E821C5DDDF600259F89 /* UIBarButtonItem+Extension.m */,
			);
			path = UIBarButtonItem;
			sourceTree = "<group>";
		};
		D4B28E831C5DDDF600259F89 /* UIButton */ = {
			isa = PBXGroup;
			children = (
				D4B28E841C5DDDF600259F89 /* UIButton+Extension.h */,
				D4B28E851C5DDDF600259F89 /* UIButton+Extension.m */,
			);
			path = UIButton;
			sourceTree = "<group>";
		};
		D4B28E861C5DDDF600259F89 /* UIColor */ = {
			isa = PBXGroup;
			children = (
				D4B28E871C5DDDF600259F89 /* UIColor+Extension.h */,
				D4B28E881C5DDDF600259F89 /* UIColor+Extension.m */,
			);
			path = UIColor;
			sourceTree = "<group>";
		};
		D4B28E891C5DDDF600259F89 /* UIImage */ = {
			isa = PBXGroup;
			children = (
				D4B28E8A1C5DDDF600259F89 /* UIImage+Extension.h */,
				D4B28E8B1C5DDDF600259F89 /* UIImage+Extension.m */,
			);
			path = UIImage;
			sourceTree = "<group>";
		};
		D4B28E8D1C5DDDF600259F89 /* UINavigationBar */ = {
			isa = PBXGroup;
			children = (
				D4B28E8E1C5DDDF600259F89 /* UINavigationBar+Extension.h */,
				D4B28E8F1C5DDDF600259F89 /* UINavigationBar+Extension.m */,
				D4B28E901C5DDDF600259F89 /* UINavigationBar.bundle */,
			);
			path = UINavigationBar;
			sourceTree = "<group>";
		};
		D4B28E911C5DDDF600259F89 /* UIView */ = {
			isa = PBXGroup;
			children = (
				D4B28E921C5DDDF600259F89 /* UIView+Extension.h */,
				D4B28E931C5DDDF600259F89 /* UIView+Extension.m */,
			);
			path = UIView;
			sourceTree = "<group>";
		};
		D4B28EA51C5E0E8E00259F89 /* MUBottomPopView */ = {
			isa = PBXGroup;
			children = (
				D4B28EA61C5E0E8E00259F89 /* MUBottomPopCityPickerView.h */,
				D4B28EA71C5E0E8E00259F89 /* MUBottomPopCityPickerView.m */,
				D4B28EA81C5E0E8E00259F89 /* MUBottomPopDatePickerView.h */,
				D4B28EA91C5E0E8E00259F89 /* MUBottomPopDatePickerView.m */,
				D4B28EAA1C5E0E8E00259F89 /* MUBottomPopGroupPickerView.h */,
				D4B28EAB1C5E0E8E00259F89 /* MUBottomPopGroupPickerView.m */,
				D4B28EAC1C5E0E8E00259F89 /* MUBottomPopNumberPickerView.h */,
				D4B28EAD1C5E0E8E00259F89 /* MUBottomPopNumberPickerView.m */,
				D4B28EAE1C5E0E8E00259F89 /* MUBottomPopPickerView.h */,
				D4B28EAF1C5E0E8E00259F89 /* MUBottomPopPickerView.m */,
				D4B28EB01C5E0E8E00259F89 /* MUBottomPopView.h */,
				D4B28EB11C5E0E8E00259F89 /* MUBottomPopView.m */,
				D4B28EB21C5E0E8E00259F89 /* pcr.plist */,
			);
			path = MUBottomPopView;
			sourceTree = "<group>";
		};
		D4BF93341C5CB741005D06AA = {
			isa = PBXGroup;
			children = (
				D4BF933F1C5CB741005D06AA /* iController */,
				D4BF933E1C5CB741005D06AA /* Products */,
				00E8B9C492786B5907F3C580 /* Pods */,
				D5521F4B6D648221E3B5DE73 /* Frameworks */,
			);
			sourceTree = "<group>";
		};
		D4BF933E1C5CB741005D06AA /* Products */ = {
			isa = PBXGroup;
			children = (
				D4BF933D1C5CB741005D06AA /* iController.app */,
			);
			name = Products;
			sourceTree = "<group>";
		};
		D4BF933F1C5CB741005D06AA /* iController */ = {
			isa = PBXGroup;
			children = (
				D4BF93571C5CB99D005D06AA /* Classes */,
				D4BF93401C5CB741005D06AA /* Supporting Files */,
			);
			path = iController;
			sourceTree = "<group>";
		};
		D4BF93401C5CB741005D06AA /* Supporting Files */ = {
			isa = PBXGroup;
			children = (
				D41D893E1C6879AF008F3AFD /* Resources */,
				D4BF934C1C5CB741005D06AA /* Assets.xcassets */,
				D4BF93511C5CB741005D06AA /* Info.plist */,
				D4BF93411C5CB741005D06AA /* main.m */,
				D4BF93901C5CC2B1005D06AA /* Localizable.strings */,
				D4B28E9B1C5DDE1300259F89 /* PrefixHeader.pch */,
				D4B28EBD1C5E182200259F89 /* Const.h */,
			);
			name = "Supporting Files";
			sourceTree = "<group>";
		};
		D4BF93571C5CB99D005D06AA /* Classes */ = {
			isa = PBXGroup;
			children = (
				D4BF93581C5CB99D005D06AA /* AppShared */,
				D4BF93741C5CB99D005D06AA /* TabBarRoot */,
				D4BF936A1C5CB99D005D06AA /* TabBarMain */,
				D4BF93651C5CB99D005D06AA /* TabBarDevice */,
				D4BF93601C5CB99D005D06AA /* TabBarBattery */,
				D4BF936F1C5CB99D005D06AA /* TabBarProfile */,
				D44AA1C71C6730E500B66563 /* MainScreen */,
				D41D89391C687747008F3AFD /* MainMouse */,
				D4AF92AC1C69BA1B00865295 /* MainVolume */,
				D47BCBF51C60D87A00B4C057 /* SettingService */,
				D47BCC091C60E85200B4C057 /* SettingMessage */,
				D41A53711C63D06500F41533 /* SettingHelper */,
				D4AF92A71C69ACF100865295 /* SettingAbout */,
				D41D89431C6879F6008F3AFD /* HTMLBrowser */,
			);
			path = Classes;
			sourceTree = "<group>";
		};
		D4BF93581C5CB99D005D06AA /* AppShared */ = {
			isa = PBXGroup;
			children = (
				D4BF93591C5CB99D005D06AA /* Application */,
				D42E3F601C5E28AD00DBA224 /* Controller */,
				D4BF935C1C5CB99D005D06AA /* Extension */,
				D4BF935D1C5CB99D005D06AA /* Library */,
				D4BF935E1C5CB99D005D06AA /* Manager */,
				D4BF935F1C5CB99D005D06AA /* Tools */,
				D4B28E7B1C5DD96000259F89 /* View */,
			);
			path = AppShared;
			sourceTree = "<group>";
		};
		D4BF93591C5CB99D005D06AA /* Application */ = {
			isa = PBXGroup;
			children = (
				D4BF935A1C5CB99D005D06AA /* ICAppDelegate.h */,
				D4BF935B1C5CB99D005D06AA /* ICAppDelegate.m */,
			);
			path = Application;
			sourceTree = "<group>";
		};
		D4BF935C1C5CB99D005D06AA /* Extension */ = {
			isa = PBXGroup;
			children = (
				D4B28E7F1C5DDDF600259F89 /* UIKit */,
			);
			path = Extension;
			sourceTree = "<group>";
		};
		D4BF935D1C5CB99D005D06AA /* Library */ = {
			isa = PBXGroup;
			children = (
				D4B28EA51C5E0E8E00259F89 /* MUBottomPopView */,
			);
			path = Library;
			sourceTree = "<group>";
		};
		D4BF935E1C5CB99D005D06AA /* Manager */ = {
			isa = PBXGroup;
			children = (
			);
			path = Manager;
			sourceTree = "<group>";
		};
		D4BF935F1C5CB99D005D06AA /* Tools */ = {
			isa = PBXGroup;
			children = (
				D4B28EBA1C5E0EBA00259F89 /* ICUserDefaults.h */,
				D4B28EBB1C5E0EBA00259F89 /* ICUserDefaults.m */,
				D42E3F651C5E600B00DBA224 /* ICGroupTableViewTools.h */,
				D42E3F661C5E600B00DBA224 /* ICGroupTableViewTools.m */,
			);
			path = Tools;
			sourceTree = "<group>";
		};
		D4BF93601C5CB99D005D06AA /* TabBarBattery */ = {
			isa = PBXGroup;
			children = (
				D4BF93611C5CB99D005D06AA /* Controller */,
				D4BF93621C5CB99D005D06AA /* Model */,
				D4BF93631C5CB99D005D06AA /* Tools */,
				D4BF93641C5CB99D005D06AA /* View */,
			);
			path = TabBarBattery;
			sourceTree = "<group>";
		};
		D4BF93611C5CB99D005D06AA /* Controller */ = {
			isa = PBXGroup;
			children = (
				D4BF93861C5CBF13005D06AA /* ICBatteryViewController.h */,
				D4BF93871C5CBF13005D06AA /* ICBatteryViewController.m */,
			);
			path = Controller;
			sourceTree = "<group>";
		};
		D4BF93621C5CB99D005D06AA /* Model */ = {
			isa = PBXGroup;
			children = (
				D41A53631C63C23600F41533 /* ICBatteryStatus.h */,
				D41A53641C63C23600F41533 /* ICBatteryStatus.m */,
			);
			path = Model;
			sourceTree = "<group>";
		};
		D4BF93631C5CB99D005D06AA /* Tools */ = {
			isa = PBXGroup;
			children = (
			);
			path = Tools;
			sourceTree = "<group>";
		};
		D4BF93641C5CB99D005D06AA /* View */ = {
			isa = PBXGroup;
			children = (
			);
			path = View;
			sourceTree = "<group>";
		};
		D4BF93651C5CB99D005D06AA /* TabBarDevice */ = {
			isa = PBXGroup;
			children = (
				D4BF93661C5CB99D005D06AA /* Controller */,
				D4BF93671C5CB99D005D06AA /* Model */,
				D4BF93681C5CB99D005D06AA /* Tools */,
				D4BF93691C5CB99D005D06AA /* View */,
			);
			path = TabBarDevice;
			sourceTree = "<group>";
		};
		D4BF93661C5CB99D005D06AA /* Controller */ = {
			isa = PBXGroup;
			children = (
				D4BF93831C5CBE9A005D06AA /* ICDeviceViewController.h */,
				D4BF93841C5CBE9A005D06AA /* ICDeviceViewController.m */,
			);
			path = Controller;
			sourceTree = "<group>";
		};
		D4BF93671C5CB99D005D06AA /* Model */ = {
			isa = PBXGroup;
			children = (
				D41A53661C63C60800F41533 /* ICDeviceItem.h */,
				D41A53671C63C60800F41533 /* ICDeviceItem.m */,
				D41A53691C63C79E00F41533 /* ICDeviceGroup.h */,
				D41A536A1C63C79E00F41533 /* ICDeviceGroup.m */,
				D41D89481C687D57008F3AFD /* DeviceItems.plist */,
			);
			path = Model;
			sourceTree = "<group>";
		};
		D4BF93681C5CB99D005D06AA /* Tools */ = {
			isa = PBXGroup;
			children = (
			);
			path = Tools;
			sourceTree = "<group>";
		};
		D4BF93691C5CB99D005D06AA /* View */ = {
			isa = PBXGroup;
			children = (
			);
			path = View;
			sourceTree = "<group>";
		};
		D4BF936A1C5CB99D005D06AA /* TabBarMain */ = {
			isa = PBXGroup;
			children = (
				D4BF936B1C5CB99D005D06AA /* Controller */,
				D4BF936C1C5CB99D005D06AA /* Model */,
				D4BF936D1C5CB99D005D06AA /* Tools */,
				D4BF936E1C5CB99D005D06AA /* View */,
			);
			path = TabBarMain;
			sourceTree = "<group>";
		};
		D4BF936B1C5CB99D005D06AA /* Controller */ = {
			isa = PBXGroup;
			children = (
				D4BF93801C5CBD32005D06AA /* ICMainViewController.h */,
				D4BF93811C5CBD32005D06AA /* ICMainViewController.m */,
			);
			path = Controller;
			sourceTree = "<group>";
		};
		D4BF936C1C5CB99D005D06AA /* Model */ = {
			isa = PBXGroup;
			children = (
				D44AA1C21C672D8C00B66563 /* ICMainItem.h */,
				D44AA1C31C672D8C00B66563 /* ICMainItem.m */,
				D44AA1C51C672DC700B66563 /* MainItems.plist */,
			);
			path = Model;
			sourceTree = "<group>";
		};
		D4BF936D1C5CB99D005D06AA /* Tools */ = {
			isa = PBXGroup;
			children = (
			);
			path = Tools;
			sourceTree = "<group>";
		};
		D4BF936E1C5CB99D005D06AA /* View */ = {
			isa = PBXGroup;
			children = (
			);
			path = View;
			sourceTree = "<group>";
		};
		D4BF936F1C5CB99D005D06AA /* TabBarProfile */ = {
			isa = PBXGroup;
			children = (
				D4BF93701C5CB99D005D06AA /* Controller */,
				D4BF93711C5CB99D005D06AA /* Model */,
				D4BF93721C5CB99D005D06AA /* Tools */,
				D4BF93731C5CB99D005D06AA /* View */,
			);
			path = TabBarProfile;
			sourceTree = "<group>";
		};
		D4BF93701C5CB99D005D06AA /* Controller */ = {
			isa = PBXGroup;
			children = (
				D4BF93891C5CBF91005D06AA /* ICProfileViewController.h */,
				D4BF938A1C5CBF91005D06AA /* ICProfileViewController.m */,
			);
			path = Controller;
			sourceTree = "<group>";
		};
		D4BF93711C5CB99D005D06AA /* Model */ = {
			isa = PBXGroup;
			children = (
				D41A536C1C63C8E600F41533 /* ICProfileItem.h */,
				D41A536D1C63C8E600F41533 /* ICProfileItem.m */,
				D41A536F1C63C95C00F41533 /* Profile.plist */,
			);
			path = Model;
			sourceTree = "<group>";
		};
		D4BF93721C5CB99D005D06AA /* Tools */ = {
			isa = PBXGroup;
			children = (
			);
			path = Tools;
			sourceTree = "<group>";
		};
		D4BF93731C5CB99D005D06AA /* View */ = {
			isa = PBXGroup;
			children = (
			);
			path = View;
			sourceTree = "<group>";
		};
		D4BF93741C5CB99D005D06AA /* TabBarRoot */ = {
			isa = PBXGroup;
			children = (
				D4BF93751C5CB99D005D06AA /* Controller */,
				D4BF93761C5CB99D005D06AA /* Model */,
				D4BF93771C5CB99D005D06AA /* Tools */,
				D4BF93781C5CB99D005D06AA /* View */,
			);
			path = TabBarRoot;
			sourceTree = "<group>";
		};
		D4BF93751C5CB99D005D06AA /* Controller */ = {
			isa = PBXGroup;
			children = (
				D4BF937D1C5CBD0C005D06AA /* ICTabBarViewController.h */,
				D4BF937E1C5CBD0C005D06AA /* ICTabBarViewController.m */,
			);
			path = Controller;
			sourceTree = "<group>";
		};
		D4BF93761C5CB99D005D06AA /* Model */ = {
			isa = PBXGroup;
			children = (
			);
			path = Model;
			sourceTree = "<group>";
		};
		D4BF93771C5CB99D005D06AA /* Tools */ = {
			isa = PBXGroup;
			children = (
			);
			path = Tools;
			sourceTree = "<group>";
		};
		D4BF93781C5CB99D005D06AA /* View */ = {
			isa = PBXGroup;
			children = (
				D4CB2E3E1C60836400311399 /* ICTabBar.h */,
				D4CB2E3F1C60836400311399 /* ICTabBar.m */,
			);
			path = View;
			sourceTree = "<group>";
		};
		D5521F4B6D648221E3B5DE73 /* Frameworks */ = {
			isa = PBXGroup;
			children = (
				D4BDED491CB9407600BB8AFC /* libz.tbd */,
				D4BDED471CB9406D00BB8AFC /* Security.framework */,
				D4BDED451CB9406300BB8AFC /* UIKit.framework */,
				D4BDED431CB9405B00BB8AFC /* Foundation.framework */,
				D4BDED411CB9405200BB8AFC /* CoreGraphics.framework */,
				D4BDED3F1CB9404200BB8AFC /* SystemConfiguration.framework */,
				D4BDED3D1CB9403600BB8AFC /* CoreTelephony.framework */,
				D4BDED3B1CB9402900BB8AFC /* CoreFoundation.framework */,
				D4BDED391CB9401E00BB8AFC /* CFNetwork.framework */,
				8A7C5C558FD000A489DEFD19 /* libPods-iController.a */,
			);
			name = Frameworks;
			sourceTree = "<group>";
		};
/* End PBXGroup section */

/* Begin PBXNativeTarget section */
		D4BF933C1C5CB741005D06AA /* iController */ = {
			isa = PBXNativeTarget;
			buildConfigurationList = D4BF93541C5CB741005D06AA /* Build configuration list for PBXNativeTarget "iController" */;
			buildPhases = (
				E055ED682D512C238C73463E /* Check Pods Manifest.lock */,
				D4BF93391C5CB741005D06AA /* Sources */,
				D4BF933A1C5CB741005D06AA /* Frameworks */,
				D4BF933B1C5CB741005D06AA /* Resources */,
				31B86FED39E0BB7529CA81D9 /* Embed Pods Frameworks */,
				C63F2DED7023AFB052A0E0FF /* Copy Pods Resources */,
			);
			buildRules = (
			);
			dependencies = (
			);
			name = iController;
			productName = iController;
			productReference = D4BF933D1C5CB741005D06AA /* iController.app */;
			productType = "com.apple.product-type.application";
		};
/* End PBXNativeTarget section */

/* Begin PBXProject section */
		D4BF93351C5CB741005D06AA /* Project object */ = {
			isa = PBXProject;
			attributes = {
				CLASSPREFIX = IC;
				LastUpgradeCheck = 0720;
				ORGANIZATIONNAME = unique;
				TargetAttributes = {
					D4BF933C1C5CB741005D06AA = {
						CreatedOnToolsVersion = 7.2;
					};
				};
			};
			buildConfigurationList = D4BF93381C5CB741005D06AA /* Build configuration list for PBXProject "iController" */;
			compatibilityVersion = "Xcode 3.2";
			developmentRegion = English;
			hasScannedForEncodings = 0;
			knownRegions = (
				Base,
				"zh-Hans",
			);
			mainGroup = D4BF93341C5CB741005D06AA;
			productRefGroup = D4BF933E1C5CB741005D06AA /* Products */;
			projectDirPath = "";
			projectRoot = "";
			targets = (
				D4BF933C1C5CB741005D06AA /* iController */,
			);
		};
/* End PBXProject section */

/* Begin PBXResourcesBuildPhase section */
		D4BF933B1C5CB741005D06AA /* Resources */ = {
			isa = PBXResourcesBuildPhase;
			buildActionMask = 2147483647;
			files = (
				D44AA1C61C672DC700B66563 /* MainItems.plist in Resources */,
				D4B28EB91C5E0E8E00259F89 /* pcr.plist in Resources */,
				D41A53701C63C95C00F41533 /* Profile.plist in Resources */,
				D41D89421C6879AF008F3AFD /* index.html in Resources */,
				D46465A91C63DDDC00E5A268 /* ServiceList.plist in Resources */,
				D41D89491C687D57008F3AFD /* DeviceItems.plist in Resources */,
				D4B28E991C5DDDF600259F89 /* UINavigationBar.bundle in Resources */,
				D41A53801C63D19B00F41533 /* HelpList.plist in Resources */,
				D4BF934D1C5CB741005D06AA /* Assets.xcassets in Resources */,
				D4BF938E1C5CC2B1005D06AA /* Localizable.strings in Resources */,
			);
			runOnlyForDeploymentPostprocessing = 0;
		};
/* End PBXResourcesBuildPhase section */

/* Begin PBXShellScriptBuildPhase section */
		31B86FED39E0BB7529CA81D9 /* Embed Pods Frameworks */ = {
			isa = PBXShellScriptBuildPhase;
			buildActionMask = 2147483647;
			files = (
			);
			inputPaths = (
			);
			name = "Embed Pods Frameworks";
			outputPaths = (
			);
			runOnlyForDeploymentPostprocessing = 0;
			shellPath = /bin/sh;
			shellScript = "\"${SRCROOT}/Pods/Target Support Files/Pods-iController/Pods-iController-frameworks.sh\"\n";
			showEnvVarsInLog = 0;
		};
		C63F2DED7023AFB052A0E0FF /* Copy Pods Resources */ = {
			isa = PBXShellScriptBuildPhase;
			buildActionMask = 2147483647;
			files = (
			);
			inputPaths = (
			);
			name = "Copy Pods Resources";
			outputPaths = (
			);
			runOnlyForDeploymentPostprocessing = 0;
			shellPath = /bin/sh;
			shellScript = "\"${SRCROOT}/Pods/Target Support Files/Pods-iController/Pods-iController-resources.sh\"\n";
			showEnvVarsInLog = 0;
		};
		E055ED682D512C238C73463E /* Check Pods Manifest.lock */ = {
			isa = PBXShellScriptBuildPhase;
			buildActionMask = 2147483647;
			files = (
			);
			inputPaths = (
			);
			name = "Check Pods Manifest.lock";
			outputPaths = (
			);
			runOnlyForDeploymentPostprocessing = 0;
			shellPath = /bin/sh;
			shellScript = "diff \"${PODS_ROOT}/../Podfile.lock\" \"${PODS_ROOT}/Manifest.lock\" > /dev/null\nif [[ $? != 0 ]] ; then\n    cat << EOM\nerror: The sandbox is not in sync with the Podfile.lock. Run 'pod install' or update your CocoaPods installation.\nEOM\n    exit 1\nfi\n";
			showEnvVarsInLog = 0;
		};
/* End PBXShellScriptBuildPhase section */

/* Begin PBXSourcesBuildPhase section */
		D4BF93391C5CB741005D06AA /* Sources */ = {
			isa = PBXSourcesBuildPhase;
			buildActionMask = 2147483647;
			files = (
				D4B28EB81C5E0E8E00259F89 /* MUBottomPopView.m in Sources */,
				D47BCC021C60DA7400B4C057 /* ICProfileTimeoutCell.m in Sources */,
				D4AF92B41C69BA7E00865295 /* ICMCVolumeView.m in Sources */,
				D4AF92B11C69BA3E00865295 /* ICMCVolumeViewController.m in Sources */,
				D4B28E9A1C5DDDF600259F89 /* UIView+Extension.m in Sources */,
				D4BF93881C5CBF13005D06AA /* ICBatteryViewController.m in Sources */,
				D4CB2E3D1C6080E600311399 /* ICSegmentedControl.m in Sources */,
				D4BF93421C5CB741005D06AA /* main.m in Sources */,
				D47BCBFC1C60D8B100B4C057 /* ICServiceViewController.m in Sources */,
				D47BCC061C60DA9F00B4C057 /* ICPortCalculator.m in Sources */,
				D4BF93821C5CBD32005D06AA /* ICMainViewController.m in Sources */,
				D4B28EB41C5E0E8E00259F89 /* MUBottomPopDatePickerView.m in Sources */,
				D41A537E1C63D0BF00F41533 /* ICHelpListBundle.m in Sources */,
				D41A53681C63C60800F41533 /* ICDeviceItem.m in Sources */,
				D4B28EB31C5E0E8E00259F89 /* MUBottomPopCityPickerView.m in Sources */,
				D41A536E1C63C8E600F41533 /* ICProfileItem.m in Sources */,
				D41A537B1C63D0B400F41533 /* ICHelpListItem.m in Sources */,
				D41A53841C63D68300F41533 /* ICGroupTableViewController.m in Sources */,
				D4CB2E401C60836400311399 /* ICTabBar.m in Sources */,
				D44AA1D61C6734BC00B66563 /* ICMCScreenViewController.m in Sources */,
				D4BF93851C5CBE9A005D06AA /* ICDeviceViewController.m in Sources */,
				D44AA1C11C6729D900B66563 /* ICSwitch.m in Sources */,
				D4B28E941C5DDDF600259F89 /* UIBarButtonItem+Extension.m in Sources */,
				D484F90F1C60E87500837BD0 /* ICMessageViewController.m in Sources */,
				D4BF938B1C5CBF91005D06AA /* ICProfileViewController.m in Sources */,
				D41D893D1C687760008F3AFD /* ICMCMouseViewController.m in Sources */,
				D4B28E981C5DDDF600259F89 /* UINavigationBar+Extension.m in Sources */,
				D46465A71C63DD8500E5A268 /* ICServiceItem.m in Sources */,
				D4B28E961C5DDDF600259F89 /* UIColor+Extension.m in Sources */,
				D4B28EBC1C5E0EBA00259F89 /* ICUserDefaults.m in Sources */,
				D4AF92AB1C69AD0000865295 /* ICAboutViewController.m in Sources */,
				D4B28E971C5DDDF600259F89 /* UIImage+Extension.m in Sources */,
				D4B28E951C5DDDF600259F89 /* UIButton+Extension.m in Sources */,
				D44AA1D01C67314200B66563 /* ICMainControlViewController.m in Sources */,
				D44AA1D31C67317500B66563 /* ICControlButton.m in Sources */,
				D42E3F671C5E600B00DBA224 /* ICGroupTableViewTools.m in Sources */,
				D4BF937F1C5CBD0C005D06AA /* ICTabBarViewController.m in Sources */,
				D41A53651C63C23600F41533 /* ICBatteryStatus.m in Sources */,
				D41D89381C687478008F3AFD /* ICAddressCalulator.m in Sources */,
				D47BCC081C60DB7500B4C057 /* ICProfilePortCell.m in Sources */,
				D47BCC031C60DA7400B4C057 /* ICProfileAddressCell.m in Sources */,
				D44AA1C41C672D8C00B66563 /* ICMainItem.m in Sources */,
				D41A536B1C63C79E00F41533 /* ICDeviceGroup.m in Sources */,
				D41D89471C687A11008F3AFD /* ICHTMLBrowerViewController.m in Sources */,
				D4B28EB61C5E0E8E00259F89 /* MUBottomPopNumberPickerView.m in Sources */,
				D4B28EB71C5E0E8E00259F89 /* MUBottomPopPickerView.m in Sources */,
				D4B28E7E1C5DD96A00259F89 /* ICTableViewCell.m in Sources */,
				D4B28EB51C5E0E8E00259F89 /* MUBottomPopGroupPickerView.m in Sources */,
				D41A53781C63D08F00F41533 /* ICHelpListViewController.m in Sources */,
				D4BF93791C5CB99D005D06AA /* ICAppDelegate.m in Sources */,
				D42E3F641C5E28BF00DBA224 /* ICNavigationController.m in Sources */,
			);
			runOnlyForDeploymentPostprocessing = 0;
		};
/* End PBXSourcesBuildPhase section */

/* Begin PBXVariantGroup section */
		D4BF93901C5CC2B1005D06AA /* Localizable.strings */ = {
			isa = PBXVariantGroup;
			children = (
				D4BF93911C5CC2B9005D06AA /* zh-Hans */,
			);
			name = Localizable.strings;
			sourceTree = "<group>";
		};
/* End PBXVariantGroup section */

/* Begin XCBuildConfiguration section */
		D4BF93521C5CB741005D06AA /* Debug */ = {
			isa = XCBuildConfiguration;
			buildSettings = {
				ALWAYS_SEARCH_USER_PATHS = NO;
				CLANG_CXX_LANGUAGE_STANDARD = "gnu++0x";
				CLANG_CXX_LIBRARY = "libc++";
				CLANG_ENABLE_MODULES = YES;
				CLANG_ENABLE_OBJC_ARC = YES;
				CLANG_WARN_BOOL_CONVERSION = YES;
				CLANG_WARN_CONSTANT_CONVERSION = YES;
				CLANG_WARN_DIRECT_OBJC_ISA_USAGE = YES_ERROR;
				CLANG_WARN_EMPTY_BODY = YES;
				CLANG_WARN_ENUM_CONVERSION = YES;
				CLANG_WARN_INT_CONVERSION = YES;
				CLANG_WARN_OBJC_ROOT_CLASS = YES_ERROR;
				CLANG_WARN_UNREACHABLE_CODE = YES;
				CLANG_WARN__DUPLICATE_METHOD_MATCH = YES;
				"CODE_SIGN_IDENTITY[sdk=iphoneos*]" = "iPhone Developer";
				COPY_PHASE_STRIP = NO;
				DEBUG_INFORMATION_FORMAT = dwarf;
				ENABLE_STRICT_OBJC_MSGSEND = YES;
				ENABLE_TESTABILITY = YES;
				GCC_C_LANGUAGE_STANDARD = gnu99;
				GCC_DYNAMIC_NO_PIC = NO;
				GCC_NO_COMMON_BLOCKS = YES;
				GCC_OPTIMIZATION_LEVEL = 0;
				GCC_PREPROCESSOR_DEFINITIONS = (
					"DEBUG=1",
					"$(inherited)",
				);
				GCC_WARN_64_TO_32_BIT_CONVERSION = YES;
				GCC_WARN_ABOUT_RETURN_TYPE = YES_ERROR;
				GCC_WARN_UNDECLARED_SELECTOR = YES;
				GCC_WARN_UNINITIALIZED_AUTOS = YES_AGGRESSIVE;
				GCC_WARN_UNUSED_FUNCTION = YES;
				GCC_WARN_UNUSED_VARIABLE = YES;
				IPHONEOS_DEPLOYMENT_TARGET = 8.0;
				MTL_ENABLE_DEBUG_INFO = YES;
				ONLY_ACTIVE_ARCH = YES;
				SDKROOT = iphoneos;
			};
			name = Debug;
		};
		D4BF93531C5CB741005D06AA /* Release */ = {
			isa = XCBuildConfiguration;
			buildSettings = {
				ALWAYS_SEARCH_USER_PATHS = NO;
				CLANG_CXX_LANGUAGE_STANDARD = "gnu++0x";
				CLANG_CXX_LIBRARY = "libc++";
				CLANG_ENABLE_MODULES = YES;
				CLANG_ENABLE_OBJC_ARC = YES;
				CLANG_WARN_BOOL_CONVERSION = YES;
				CLANG_WARN_CONSTANT_CONVERSION = YES;
				CLANG_WARN_DIRECT_OBJC_ISA_USAGE = YES_ERROR;
				CLANG_WARN_EMPTY_BODY = YES;
				CLANG_WARN_ENUM_CONVERSION = YES;
				CLANG_WARN_INT_CONVERSION = YES;
				CLANG_WARN_OBJC_ROOT_CLASS = YES_ERROR;
				CLANG_WARN_UNREACHABLE_CODE = YES;
				CLANG_WARN__DUPLICATE_METHOD_MATCH = YES;
				"CODE_SIGN_IDENTITY[sdk=iphoneos*]" = "iPhone Developer";
				COPY_PHASE_STRIP = NO;
				DEBUG_INFORMATION_FORMAT = "dwarf-with-dsym";
				ENABLE_NS_ASSERTIONS = NO;
				ENABLE_STRICT_OBJC_MSGSEND = YES;
				GCC_C_LANGUAGE_STANDARD = gnu99;
				GCC_NO_COMMON_BLOCKS = YES;
				GCC_WARN_64_TO_32_BIT_CONVERSION = YES;
				GCC_WARN_ABOUT_RETURN_TYPE = YES_ERROR;
				GCC_WARN_UNDECLARED_SELECTOR = YES;
				GCC_WARN_UNINITIALIZED_AUTOS = YES_AGGRESSIVE;
				GCC_WARN_UNUSED_FUNCTION = YES;
				GCC_WARN_UNUSED_VARIABLE = YES;
				IPHONEOS_DEPLOYMENT_TARGET = 8.0;
				MTL_ENABLE_DEBUG_INFO = NO;
				SDKROOT = iphoneos;
				VALIDATE_PRODUCT = YES;
			};
			name = Release;
		};
		D4BF93551C5CB741005D06AA /* Debug */ = {
			isa = XCBuildConfiguration;
			baseConfigurationReference = C999C7AA71CD9377E79BABB8 /* Pods-iController.debug.xcconfig */;
			buildSettings = {
				ASSETCATALOG_COMPILER_APPICON_NAME = AppIcon;
				ASSETCATALOG_COMPILER_LAUNCHIMAGE_NAME = "Brand Assets";
				GCC_PREFIX_HEADER = "${PRODUCT_NAME}/PrefixHeader.pch";
				INFOPLIST_FILE = iController/Info.plist;
				IPHONEOS_DEPLOYMENT_TARGET = 8.0;
				LD_RUNPATH_SEARCH_PATHS = "$(inherited) @executable_path/Frameworks";
				LIBRARY_SEARCH_PATHS = (
					"$(inherited)",
					"$(PROJECT_DIR)/iController/Classes/AppShared/Library/JPush",
				);
				PRODUCT_BUNDLE_IDENTIFIER = com.unique.iController;
				PRODUCT_NAME = "$(TARGET_NAME)";
				TARGETED_DEVICE_FAMILY = 1;
			};
			name = Debug;
		};
		D4BF93561C5CB741005D06AA /* Release */ = {
			isa = XCBuildConfiguration;
			baseConfigurationReference = 225900FC28075EC794090DAB /* Pods-iController.release.xcconfig */;
			buildSettings = {
				ASSETCATALOG_COMPILER_APPICON_NAME = AppIcon;
				ASSETCATALOG_COMPILER_LAUNCHIMAGE_NAME = "Brand Assets";
				GCC_PREFIX_HEADER = "${PRODUCT_NAME}/PrefixHeader.pch";
				INFOPLIST_FILE = iController/Info.plist;
				IPHONEOS_DEPLOYMENT_TARGET = 8.0;
				LD_RUNPATH_SEARCH_PATHS = "$(inherited) @executable_path/Frameworks";
				LIBRARY_SEARCH_PATHS = (
					"$(inherited)",
					"$(PROJECT_DIR)/iController/Classes/AppShared/Library/JPush",
				);
				PRODUCT_BUNDLE_IDENTIFIER = com.unique.iController;
				PRODUCT_NAME = "$(TARGET_NAME)";
				TARGETED_DEVICE_FAMILY = 1;
			};
			name = Release;
		};
/* End XCBuildConfiguration section */

/* Begin XCConfigurationList section */
		D4BF93381C5CB741005D06AA /* Build configuration list for PBXProject "iController" */ = {
			isa = XCConfigurationList;
			buildConfigurations = (
				D4BF93521C5CB741005D06AA /* Debug */,
				D4BF93531C5CB741005D06AA /* Release */,
			);
			defaultConfigurationIsVisible = 0;
			defaultConfigurationName = Release;
		};
		D4BF93541C5CB741005D06AA /* Build configuration list for PBXNativeTarget "iController" */ = {
			isa = XCConfigurationList;
			buildConfigurations = (
				D4BF93551C5CB741005D06AA /* Debug */,
				D4BF93561C5CB741005D06AA /* Release */,
			);
			defaultConfigurationIsVisible = 0;
			defaultConfigurationName = Release;
		};
/* End XCConfigurationList section */
	};
	rootObject = D4BF93351C5CB741005D06AA /* Project object */;
}
