// !$*UTF8*$!
{
	archiveVersion = 1;
	classes = {
	};
	objectVersion = 46;
	objects = {

/* Begin PBXBuildFile section */
		85DAE448DE85FA823BE32105 /* libPods-iController.a in Frameworks */ = {isa = PBXBuildFile; fileRef = 8A7C5C558FD000A489DEFD19 /* libPods-iController.a */; };
		D42E3F5F1C5E202E00DBA224 /* ICProfileTimeoutCell.m in Sources */ = {isa = PBXBuildFile; fileRef = D42E3F5E1C5E202E00DBA224 /* ICProfileTimeoutCell.m */; };
		D42E3F641C5E28BF00DBA224 /* ICNavigationController.m in Sources */ = {isa = PBXBuildFile; fileRef = D42E3F631C5E28BF00DBA224 /* ICNavigationController.m */; };
		D42E3F671C5E600B00DBA224 /* ICGroupTableViewTools.m in Sources */ = {isa = PBXBuildFile; fileRef = D42E3F661C5E600B00DBA224 /* ICGroupTableViewTools.m */; };
		D4B28E7A1C5DD89A00259F89 /* ICProfileAddressCell.m in Sources */ = {isa = PBXBuildFile; fileRef = D4B28E791C5DD89A00259F89 /* ICProfileAddressCell.m */; };
		D4B28E7E1C5DD96A00259F89 /* ICTableViewCell.m in Sources */ = {isa = PBXBuildFile; fileRef = D4B28E7D1C5DD96A00259F89 /* ICTableViewCell.m */; };
		D4B28E941C5DDDF600259F89 /* UIBarButtonItem+Extension.m in Sources */ = {isa = PBXBuildFile; fileRef = D4B28E821C5DDDF600259F89 /* UIBarButtonItem+Extension.m */; };
		D4B28E951C5DDDF600259F89 /* UIButton+Extension.m in Sources */ = {isa = PBXBuildFile; fileRef = D4B28E851C5DDDF600259F89 /* UIButton+Extension.m */; };
		D4B28E961C5DDDF600259F89 /* UIColor+Extension.m in Sources */ = {isa = PBXBuildFile; fileRef = D4B28E881C5DDDF600259F89 /* UIColor+Extension.m */; };
		D4B28E971C5DDDF600259F89 /* UIImage+Extension.m in Sources */ = {isa = PBXBuildFile; fileRef = D4B28E8B1C5DDDF600259F89 /* UIImage+Extension.m */; };
		D4B28E981C5DDDF600259F89 /* UINavigationBar+Extension.m in Sources */ = {isa = PBXBuildFile; fileRef = D4B28E8F1C5DDDF600259F89 /* UINavigationBar+Extension.m */; };
		D4B28E991C5DDDF600259F89 /* UINavigationBar.bundle in Resources */ = {isa = PBXBuildFile; fileRef = D4B28E901C5DDDF600259F89 /* UINavigationBar.bundle */; };
		D4B28E9A1C5DDDF600259F89 /* UIView+Extension.m in Sources */ = {isa = PBXBuildFile; fileRef = D4B28E931C5DDDF600259F89 /* UIView+Extension.m */; };
		D4B28E9E1C5DE0A900259F89 /* ICProfilePortCell.m in Sources */ = {isa = PBXBuildFile; fileRef = D4B28E9D1C5DE0A900259F89 /* ICProfilePortCell.m */; };
		D4B28EB31C5E0E8E00259F89 /* MUBottomPopCityPickerView.m in Sources */ = {isa = PBXBuildFile; fileRef = D4B28EA71C5E0E8E00259F89 /* MUBottomPopCityPickerView.m */; };
		D4B28EB41C5E0E8E00259F89 /* MUBottomPopDatePickerView.m in Sources */ = {isa = PBXBuildFile; fileRef = D4B28EA91C5E0E8E00259F89 /* MUBottomPopDatePickerView.m */; };
		D4B28EB51C5E0E8E00259F89 /* MUBottomPopGroupPickerView.m in Sources */ = {isa = PBXBuildFile; fileRef = D4B28EAB1C5E0E8E00259F89 /* MUBottomPopGroupPickerView.m */; };
		D4B28EB61C5E0E8E00259F89 /* MUBottomPopNumberPickerView.m in Sources */ = {isa = PBXBuildFile; fileRef = D4B28EAD1C5E0E8E00259F89 /* MUBottomPopNumberPickerView.m */; };
		D4B28EB71C5E0E8E00259F89 /* MUBottomPopPickerView.m in Sources */ = {isa = PBXBuildFile; fileRef = D4B28EAF1C5E0E8E00259F89 /* MUBottomPopPickerView.m */; };
		D4B28EB81C5E0E8E00259F89 /* MUBottomPopView.m in Sources */ = {isa = PBXBuildFile; fileRef = D4B28EB11C5E0E8E00259F89 /* MUBottomPopView.m */; };
		D4B28EB91C5E0E8E00259F89 /* pcr.plist in Resources */ = {isa = PBXBuildFile; fileRef = D4B28EB21C5E0E8E00259F89 /* pcr.plist */; };
		D4B28EBC1C5E0EBA00259F89 /* ICUserDefaults.m in Sources */ = {isa = PBXBuildFile; fileRef = D4B28EBB1C5E0EBA00259F89 /* ICUserDefaults.m */; };
		D4BF93421C5CB741005D06AA /* main.m in Sources */ = {isa = PBXBuildFile; fileRef = D4BF93411C5CB741005D06AA /* main.m */; };
		D4BF934D1C5CB741005D06AA /* Assets.xcassets in Resources */ = {isa = PBXBuildFile; fileRef = D4BF934C1C5CB741005D06AA /* Assets.xcassets */; };
		D4BF93791C5CB99D005D06AA /* ICAppDelegate.m in Sources */ = {isa = PBXBuildFile; fileRef = D4BF935B1C5CB99D005D06AA /* ICAppDelegate.m */; };
		D4BF937F1C5CBD0C005D06AA /* ICTabBarViewController.m in Sources */ = {isa = PBXBuildFile; fileRef = D4BF937E1C5CBD0C005D06AA /* ICTabBarViewController.m */; };
		D4BF93821C5CBD32005D06AA /* ICMainViewController.m in Sources */ = {isa = PBXBuildFile; fileRef = D4BF93811C5CBD32005D06AA /* ICMainViewController.m */; };
		D4BF93851C5CBE9A005D06AA /* ICDeviceViewController.m in Sources */ = {isa = PBXBuildFile; fileRef = D4BF93841C5CBE9A005D06AA /* ICDeviceViewController.m */; };
		D4BF93881C5CBF13005D06AA /* ICBatteryViewController.m in Sources */ = {isa = PBXBuildFile; fileRef = D4BF93871C5CBF13005D06AA /* ICBatteryViewController.m */; };
		D4BF938B1C5CBF91005D06AA /* ICProfileViewController.m in Sources */ = {isa = PBXBuildFile; fileRef = D4BF938A1C5CBF91005D06AA /* ICProfileViewController.m */; };
		D4BF938E1C5CC2B1005D06AA /* Localizable.strings in Resources */ = {isa = PBXBuildFile; fileRef = D4BF93901C5CC2B1005D06AA /* Localizable.strings */; };
/* End PBXBuildFile section */

/* Begin PBXFileReference section */
		225900FC28075EC794090DAB /* Pods-iController.release.xcconfig */ = {isa = PBXFileReference; includeInIndex = 1; lastKnownFileType = text.xcconfig; name = "Pods-iController.release.xcconfig"; path = "Pods/Target Support Files/Pods-iController/Pods-iController.release.xcconfig"; sourceTree = "<group>"; };
		8A7C5C558FD000A489DEFD19 /* libPods-iController.a */ = {isa = PBXFileReference; explicitFileType = archive.ar; includeInIndex = 0; path = "libPods-iController.a"; sourceTree = BUILT_PRODUCTS_DIR; };
		C999C7AA71CD9377E79BABB8 /* Pods-iController.debug.xcconfig */ = {isa = PBXFileReference; includeInIndex = 1; lastKnownFileType = text.xcconfig; name = "Pods-iController.debug.xcconfig"; path = "Pods/Target Support Files/Pods-iController/Pods-iController.debug.xcconfig"; sourceTree = "<group>"; };
		D42E3F5D1C5E202E00DBA224 /* ICProfileTimeoutCell.h */ = {isa = PBXFileReference; fileEncoding = 4; lastKnownFileType = sourcecode.c.h; path = ICProfileTimeoutCell.h; sourceTree = "<group>"; };
		D42E3F5E1C5E202E00DBA224 /* ICProfileTimeoutCell.m */ = {isa = PBXFileReference; fileEncoding = 4; lastKnownFileType = sourcecode.c.objc; path = ICProfileTimeoutCell.m; sourceTree = "<group>"; };
		D42E3F621C5E28BF00DBA224 /* ICNavigationController.h */ = {isa = PBXFileReference; fileEncoding = 4; lastKnownFileType = sourcecode.c.h; path = ICNavigationController.h; sourceTree = "<group>"; };
		D42E3F631C5E28BF00DBA224 /* ICNavigationController.m */ = {isa = PBXFileReference; fileEncoding = 4; lastKnownFileType = sourcecode.c.objc; path = ICNavigationController.m; sourceTree = "<group>"; };
		D42E3F651C5E600B00DBA224 /* ICGroupTableViewTools.h */ = {isa = PBXFileReference; fileEncoding = 4; lastKnownFileType = sourcecode.c.h; path = ICGroupTableViewTools.h; sourceTree = "<group>"; };
		D42E3F661C5E600B00DBA224 /* ICGroupTableViewTools.m */ = {isa = PBXFileReference; fileEncoding = 4; lastKnownFileType = sourcecode.c.objc; path = ICGroupTableViewTools.m; sourceTree = "<group>"; };
		D4B28E781C5DD89A00259F89 /* ICProfileAddressCell.h */ = {isa = PBXFileReference; fileEncoding = 4; lastKnownFileType = sourcecode.c.h; path = ICProfileAddressCell.h; sourceTree = "<group>"; };
		D4B28E791C5DD89A00259F89 /* ICProfileAddressCell.m */ = {isa = PBXFileReference; fileEncoding = 4; lastKnownFileType = sourcecode.c.objc; path = ICProfileAddressCell.m; sourceTree = "<group>"; };
		D4B28E7C1C5DD96A00259F89 /* ICTableViewCell.h */ = {isa = PBXFileReference; fileEncoding = 4; lastKnownFileType = sourcecode.c.h; path = ICTableViewCell.h; sourceTree = "<group>"; };
		D4B28E7D1C5DD96A00259F89 /* ICTableViewCell.m */ = {isa = PBXFileReference; fileEncoding = 4; lastKnownFileType = sourcecode.c.objc; path = ICTableViewCell.m; sourceTree = "<group>"; };
		D4B28E811C5DDDF600259F89 /* UIBarButtonItem+Extension.h */ = {isa = PBXFileReference; fileEncoding = 4; lastKnownFileType = sourcecode.c.h; path = "UIBarButtonItem+Extension.h"; sourceTree = "<group>"; };
		D4B28E821C5DDDF600259F89 /* UIBarButtonItem+Extension.m */ = {isa = PBXFileReference; fileEncoding = 4; lastKnownFileType = sourcecode.c.objc; path = "UIBarButtonItem+Extension.m"; sourceTree = "<group>"; };
		D4B28E841C5DDDF600259F89 /* UIButton+Extension.h */ = {isa = PBXFileReference; fileEncoding = 4; lastKnownFileType = sourcecode.c.h; path = "UIButton+Extension.h"; sourceTree = "<group>"; };
		D4B28E851C5DDDF600259F89 /* UIButton+Extension.m */ = {isa = PBXFileReference; fileEncoding = 4; lastKnownFileType = sourcecode.c.objc; path = "UIButton+Extension.m"; sourceTree = "<group>"; };
		D4B28E871C5DDDF600259F89 /* UIColor+Extension.h */ = {isa = PBXFileReference; fileEncoding = 4; lastKnownFileType = sourcecode.c.h; path = "UIColor+Extension.h"; sourceTree = "<group>"; };
		D4B28E881C5DDDF600259F89 /* UIColor+Extension.m */ = {isa = PBXFileReference; fileEncoding = 4; lastKnownFileType = sourcecode.c.objc; path = "UIColor+Extension.m"; sourceTree = "<group>"; };
		D4B28E8A1C5DDDF600259F89 /* UIImage+Extension.h */ = {isa = PBXFileReference; fileEncoding = 4; lastKnownFileType = sourcecode.c.h; path = "UIImage+Extension.h"; sourceTree = "<group>"; };
		D4B28E8B1C5DDDF600259F89 /* UIImage+Extension.m */ = {isa = PBXFileReference; fileEncoding = 4; lastKnownFileType = sourcecode.c.objc; path = "UIImage+Extension.m"; sourceTree = "<group>"; };
		D4B28E8C1C5DDDF600259F89 /* UIKit+Extension.h */ = {isa = PBXFileReference; fileEncoding = 4; lastKnownFileType = sourcecode.c.h; path = "UIKit+Extension.h"; sourceTree = "<group>"; };
		D4B28E8E1C5DDDF600259F89 /* UINavigationBar+Extension.h */ = {isa = PBXFileReference; fileEncoding = 4; lastKnownFileType = sourcecode.c.h; path = "UINavigationBar+Extension.h"; sourceTree = "<group>"; };
		D4B28E8F1C5DDDF600259F89 /* UINavigationBar+Extension.m */ = {isa = PBXFileReference; fileEncoding = 4; lastKnownFileType = sourcecode.c.objc; path = "UINavigationBar+Extension.m"; sourceTree = "<group>"; };
		D4B28E901C5DDDF600259F89 /* UINavigationBar.bundle */ = {isa = PBXFileReference; lastKnownFileType = "wrapper.plug-in"; path = UINavigationBar.bundle; sourceTree = "<group>"; };
		D4B28E921C5DDDF600259F89 /* UIView+Extension.h */ = {isa = PBXFileReference; fileEncoding = 4; lastKnownFileType = sourcecode.c.h; path = "UIView+Extension.h"; sourceTree = "<group>"; };
		D4B28E931C5DDDF600259F89 /* UIView+Extension.m */ = {isa = PBXFileReference; fileEncoding = 4; lastKnownFileType = sourcecode.c.objc; path = "UIView+Extension.m"; sourceTree = "<group>"; };
		D4B28E9B1C5DDE1300259F89 /* PrefixHeader.pch */ = {isa = PBXFileReference; lastKnownFileType = sourcecode.c.h; path = PrefixHeader.pch; sourceTree = "<group>"; };
		D4B28E9C1C5DE0A900259F89 /* ICProfilePortCell.h */ = {isa = PBXFileReference; fileEncoding = 4; lastKnownFileType = sourcecode.c.h; path = ICProfilePortCell.h; sourceTree = "<group>"; };
		D4B28E9D1C5DE0A900259F89 /* ICProfilePortCell.m */ = {isa = PBXFileReference; fileEncoding = 4; lastKnownFileType = sourcecode.c.objc; path = ICProfilePortCell.m; sourceTree = "<group>"; };
		D4B28EA61C5E0E8E00259F89 /* MUBottomPopCityPickerView.h */ = {isa = PBXFileReference; fileEncoding = 4; lastKnownFileType = sourcecode.c.h; path = MUBottomPopCityPickerView.h; sourceTree = "<group>"; };
		D4B28EA71C5E0E8E00259F89 /* MUBottomPopCityPickerView.m */ = {isa = PBXFileReference; fileEncoding = 4; lastKnownFileType = sourcecode.c.objc; path = MUBottomPopCityPickerView.m; sourceTree = "<group>"; };
		D4B28EA81C5E0E8E00259F89 /* MUBottomPopDatePickerView.h */ = {isa = PBXFileReference; fileEncoding = 4; lastKnownFileType = sourcecode.c.h; path = MUBottomPopDatePickerView.h; sourceTree = "<group>"; };
		D4B28EA91C5E0E8E00259F89 /* MUBottomPopDatePickerView.m */ = {isa = PBXFileReference; fileEncoding = 4; lastKnownFileType = sourcecode.c.objc; path = MUBottomPopDatePickerView.m; sourceTree = "<group>"; };
		D4B28EAA1C5E0E8E00259F89 /* MUBottomPopGroupPickerView.h */ = {isa = PBXFileReference; fileEncoding = 4; lastKnownFileType = sourcecode.c.h; path = MUBottomPopGroupPickerView.h; sourceTree = "<group>"; };
		D4B28EAB1C5E0E8E00259F89 /* MUBottomPopGroupPickerView.m */ = {isa = PBXFileReference; fileEncoding = 4; lastKnownFileType = sourcecode.c.objc; path = MUBottomPopGroupPickerView.m; sourceTree = "<group>"; };
		D4B28EAC1C5E0E8E00259F89 /* MUBottomPopNumberPickerView.h */ = {isa = PBXFileReference; fileEncoding = 4; lastKnownFileType = sourcecode.c.h; path = MUBottomPopNumberPickerView.h; sourceTree = "<group>"; };
		D4B28EAD1C5E0E8E00259F89 /* MUBottomPopNumberPickerView.m */ = {isa = PBXFileReference; fileEncoding = 4; lastKnownFileType = sourcecode.c.objc; path = MUBottomPopNumberPickerView.m; sourceTree = "<group>"; };
		D4B28EAE1C5E0E8E00259F89 /* MUBottomPopPickerView.h */ = {isa = PBXFileReference; fileEncoding = 4; lastKnownFileType = sourcecode.c.h; path = MUBottomPopPickerView.h; sourceTree = "<group>"; };
		D4B28EAF1C5E0E8E00259F89 /* MUBottomPopPickerView.m */ = {isa = PBXFileReference; fileEncoding = 4; lastKnownFileType = sourcecode.c.objc; path = MUBottomPopPickerView.m; sourceTree = "<group>"; };
		D4B28EB01C5E0E8E00259F89 /* MUBottomPopView.h */ = {isa = PBXFileReference; fileEncoding = 4; lastKnownFileType = sourcecode.c.h; path = MUBottomPopView.h; sourceTree = "<group>"; };
		D4B28EB11C5E0E8E00259F89 /* MUBottomPopView.m */ = {isa = PBXFileReference; fileEncoding = 4; lastKnownFileType = sourcecode.c.objc; path = MUBottomPopView.m; sourceTree = "<group>"; };
		D4B28EB21C5E0E8E00259F89 /* pcr.plist */ = {isa = PBXFileReference; fileEncoding = 4; lastKnownFileType = text.plist.xml; path = pcr.plist; sourceTree = "<group>"; };
		D4B28EBA1C5E0EBA00259F89 /* ICUserDefaults.h */ = {isa = PBXFileReference; fileEncoding = 4; lastKnownFileType = sourcecode.c.h; path = ICUserDefaults.h; sourceTree = "<group>"; };
		D4B28EBB1C5E0EBA00259F89 /* ICUserDefaults.m */ = {isa = PBXFileReference; fileEncoding = 4; lastKnownFileType = sourcecode.c.objc; path = ICUserDefaults.m; sourceTree = "<group>"; };
		D4B28EBD1C5E182200259F89 /* Const.h */ = {isa = PBXFileReference; lastKnownFileType = sourcecode.c.h; path = Const.h; sourceTree = "<group>"; };
		D4BF933D1C5CB741005D06AA /* iController.app */ = {isa = PBXFileReference; explicitFileType = wrapper.application; includeInIndex = 0; path = iController.app; sourceTree = BUILT_PRODUCTS_DIR; };
		D4BF93411C5CB741005D06AA /* main.m */ = {isa = PBXFileReference; lastKnownFileType = sourcecode.c.objc; path = main.m; sourceTree = "<group>"; };
		D4BF934C1C5CB741005D06AA /* Assets.xcassets */ = {isa = PBXFileReference; lastKnownFileType = folder.assetcatalog; path = Assets.xcassets; sourceTree = "<group>"; };
		D4BF93511C5CB741005D06AA /* Info.plist */ = {isa = PBXFileReference; lastKnownFileType = text.plist.xml; path = Info.plist; sourceTree = "<group>"; };
		D4BF935A1C5CB99D005D06AA /* ICAppDelegate.h */ = {isa = PBXFileReference; fileEncoding = 4; lastKnownFileType = sourcecode.c.h; path = ICAppDelegate.h; sourceTree = "<group>"; };
		D4BF935B1C5CB99D005D06AA /* ICAppDelegate.m */ = {isa = PBXFileReference; fileEncoding = 4; lastKnownFileType = sourcecode.c.objc; path = ICAppDelegate.m; sourceTree = "<group>"; };
		D4BF937D1C5CBD0C005D06AA /* ICTabBarViewController.h */ = {isa = PBXFileReference; fileEncoding = 4; lastKnownFileType = sourcecode.c.h; path = ICTabBarViewController.h; sourceTree = "<group>"; };
		D4BF937E1C5CBD0C005D06AA /* ICTabBarViewController.m */ = {isa = PBXFileReference; fileEncoding = 4; lastKnownFileType = sourcecode.c.objc; path = ICTabBarViewController.m; sourceTree = "<group>"; };
		D4BF93801C5CBD32005D06AA /* ICMainViewController.h */ = {isa = PBXFileReference; fileEncoding = 4; lastKnownFileType = sourcecode.c.h; path = ICMainViewController.h; sourceTree = "<group>"; };
		D4BF93811C5CBD32005D06AA /* ICMainViewController.m */ = {isa = PBXFileReference; fileEncoding = 4; lastKnownFileType = sourcecode.c.objc; path = ICMainViewController.m; sourceTree = "<group>"; };
		D4BF93831C5CBE9A005D06AA /* ICDeviceViewController.h */ = {isa = PBXFileReference; fileEncoding = 4; lastKnownFileType = sourcecode.c.h; path = ICDeviceViewController.h; sourceTree = "<group>"; };
		D4BF93841C5CBE9A005D06AA /* ICDeviceViewController.m */ = {isa = PBXFileReference; fileEncoding = 4; lastKnownFileType = sourcecode.c.objc; path = ICDeviceViewController.m; sourceTree = "<group>"; };
		D4BF93861C5CBF13005D06AA /* ICBatteryViewController.h */ = {isa = PBXFileReference; fileEncoding = 4; lastKnownFileType = sourcecode.c.h; path = ICBatteryViewController.h; sourceTree = "<group>"; };
		D4BF93871C5CBF13005D06AA /* ICBatteryViewController.m */ = {isa = PBXFileReference; fileEncoding = 4; lastKnownFileType = sourcecode.c.objc; path = ICBatteryViewController.m; sourceTree = "<group>"; };
		D4BF93891C5CBF91005D06AA /* ICProfileViewController.h */ = {isa = PBXFileReference; fileEncoding = 4; lastKnownFileType = sourcecode.c.h; path = ICProfileViewController.h; sourceTree = "<group>"; };
		D4BF938A1C5CBF91005D06AA /* ICProfileViewController.m */ = {isa = PBXFileReference; fileEncoding = 4; lastKnownFileType = sourcecode.c.objc; path = ICProfileViewController.m; sourceTree = "<group>"; };
		D4BF93911C5CC2B9005D06AA /* zh-Hans */ = {isa = PBXFileReference; lastKnownFileType = text.plist.strings; name = "zh-Hans"; path = "zh-Hans.lproj/Localizable.strings"; sourceTree = "<group>"; };
/* End PBXFileReference section */

/* Begin PBXFrameworksBuildPhase section */
		D4BF933A1C5CB741005D06AA /* Frameworks */ = {
			isa = PBXFrameworksBuildPhase;
			buildActionMask = 2147483647;
			files = (
				85DAE448DE85FA823BE32105 /* libPods-iController.a in Frameworks */,
			);
			runOnlyForDeploymentPostprocessing = 0;
		};
/* End PBXFrameworksBuildPhase section */

/* Begin PBXGroup section */
		00E8B9C492786B5907F3C580 /* Pods */ = {
			isa = PBXGroup;
			children = (
				C999C7AA71CD9377E79BABB8 /* Pods-iController.debug.xcconfig */,
				225900FC28075EC794090DAB /* Pods-iController.release.xcconfig */,
			);
			name = Pods;
			sourceTree = "<group>";
		};
		D42E3F601C5E28AD00DBA224 /* Controller */ = {
			isa = PBXGroup;
			children = (
				D42E3F611C5E28AD00DBA224 /* Navigation */,
			);
			path = Controller;
			sourceTree = "<group>";
		};
		D42E3F611C5E28AD00DBA224 /* Navigation */ = {
			isa = PBXGroup;
			children = (
				D42E3F621C5E28BF00DBA224 /* ICNavigationController.h */,
				D42E3F631C5E28BF00DBA224 /* ICNavigationController.m */,
			);
			path = Navigation;
			sourceTree = "<group>";
		};
		D4B28E7B1C5DD96000259F89 /* View */ = {
			isa = PBXGroup;
			children = (
				D4B28E7C1C5DD96A00259F89 /* ICTableViewCell.h */,
				D4B28E7D1C5DD96A00259F89 /* ICTableViewCell.m */,
			);
			path = View;
			sourceTree = "<group>";
		};
		D4B28E7F1C5DDDF600259F89 /* UIKit */ = {
			isa = PBXGroup;
			children = (
				D4B28E801C5DDDF600259F89 /* UIBarButtonItem */,
				D4B28E831C5DDDF600259F89 /* UIButton */,
				D4B28E861C5DDDF600259F89 /* UIColor */,
				D4B28E891C5DDDF600259F89 /* UIImage */,
				D4B28E8C1C5DDDF600259F89 /* UIKit+Extension.h */,
				D4B28E8D1C5DDDF600259F89 /* UINavigationBar */,
				D4B28E911C5DDDF600259F89 /* UIView */,
			);
			path = UIKit;
			sourceTree = "<group>";
		};
		D4B28E801C5DDDF600259F89 /* UIBarButtonItem */ = {
			isa = PBXGroup;
			children = (
				D4B28E811C5DDDF600259F89 /* UIBarButtonItem+Extension.h */,
				D4B28E821C5DDDF600259F89 /* UIBarButtonItem+Extension.m */,
			);
			path = UIBarButtonItem;
			sourceTree = "<group>";
		};
		D4B28E831C5DDDF600259F89 /* UIButton */ = {
			isa = PBXGroup;
			children = (
				D4B28E841C5DDDF600259F89 /* UIButton+Extension.h */,
				D4B28E851C5DDDF600259F89 /* UIButton+Extension.m */,
			);
			path = UIButton;
			sourceTree = "<group>";
		};
		D4B28E861C5DDDF600259F89 /* UIColor */ = {
			isa = PBXGroup;
			children = (
				D4B28E871C5DDDF600259F89 /* UIColor+Extension.h */,
				D4B28E881C5DDDF600259F89 /* UIColor+Extension.m */,
			);
			path = UIColor;
			sourceTree = "<group>";
		};
		D4B28E891C5DDDF600259F89 /* UIImage */ = {
			isa = PBXGroup;
			children = (
				D4B28E8A1C5DDDF600259F89 /* UIImage+Extension.h */,
				D4B28E8B1C5DDDF600259F89 /* UIImage+Extension.m */,
			);
			path = UIImage;
			sourceTree = "<group>";
		};
		D4B28E8D1C5DDDF600259F89 /* UINavigationBar */ = {
			isa = PBXGroup;
			children = (
				D4B28E8E1C5DDDF600259F89 /* UINavigationBar+Extension.h */,
				D4B28E8F1C5DDDF600259F89 /* UINavigationBar+Extension.m */,
				D4B28E901C5DDDF600259F89 /* UINavigationBar.bundle */,
			);
			path = UINavigationBar;
			sourceTree = "<group>";
		};
		D4B28E911C5DDDF600259F89 /* UIView */ = {
			isa = PBXGroup;
			children = (
				D4B28E921C5DDDF600259F89 /* UIView+Extension.h */,
				D4B28E931C5DDDF600259F89 /* UIView+Extension.m */,
			);
			path = UIView;
			sourceTree = "<group>";
		};
		D4B28EA51C5E0E8E00259F89 /* MUBottomPopView */ = {
			isa = PBXGroup;
			children = (
				D4B28EA61C5E0E8E00259F89 /* MUBottomPopCityPickerView.h */,
				D4B28EA71C5E0E8E00259F89 /* MUBottomPopCityPickerView.m */,
				D4B28EA81C5E0E8E00259F89 /* MUBottomPopDatePickerView.h */,
				D4B28EA91C5E0E8E00259F89 /* MUBottomPopDatePickerView.m */,
				D4B28EAA1C5E0E8E00259F89 /* MUBottomPopGroupPickerView.h */,
				D4B28EAB1C5E0E8E00259F89 /* MUBottomPopGroupPickerView.m */,
				D4B28EAC1C5E0E8E00259F89 /* MUBottomPopNumberPickerView.h */,
				D4B28EAD1C5E0E8E00259F89 /* MUBottomPopNumberPickerView.m */,
				D4B28EAE1C5E0E8E00259F89 /* MUBottomPopPickerView.h */,
				D4B28EAF1C5E0E8E00259F89 /* MUBottomPopPickerView.m */,
				D4B28EB01C5E0E8E00259F89 /* MUBottomPopView.h */,
				D4B28EB11C5E0E8E00259F89 /* MUBottomPopView.m */,
				D4B28EB21C5E0E8E00259F89 /* pcr.plist */,
			);
			path = MUBottomPopView;
			sourceTree = "<group>";
		};
		D4BF93341C5CB741005D06AA = {
			isa = PBXGroup;
			children = (
				D4BF933F1C5CB741005D06AA /* iController */,
				D4BF933E1C5CB741005D06AA /* Products */,
				00E8B9C492786B5907F3C580 /* Pods */,
				D5521F4B6D648221E3B5DE73 /* Frameworks */,
			);
			sourceTree = "<group>";
		};
		D4BF933E1C5CB741005D06AA /* Products */ = {
			isa = PBXGroup;
			children = (
				D4BF933D1C5CB741005D06AA /* iController.app */,
			);
			name = Products;
			sourceTree = "<group>";
		};
		D4BF933F1C5CB741005D06AA /* iController */ = {
			isa = PBXGroup;
			children = (
				D4BF93571C5CB99D005D06AA /* Classes */,
				D4BF93401C5CB741005D06AA /* Supporting Files */,
			);
			path = iController;
			sourceTree = "<group>";
		};
		D4BF93401C5CB741005D06AA /* Supporting Files */ = {
			isa = PBXGroup;
			children = (
				D4BF934C1C5CB741005D06AA /* Assets.xcassets */,
				D4BF93511C5CB741005D06AA /* Info.plist */,
				D4BF93411C5CB741005D06AA /* main.m */,
				D4BF93901C5CC2B1005D06AA /* Localizable.strings */,
				D4B28E9B1C5DDE1300259F89 /* PrefixHeader.pch */,
				D4B28EBD1C5E182200259F89 /* Const.h */,
			);
			name = "Supporting Files";
			sourceTree = "<group>";
		};
		D4BF93571C5CB99D005D06AA /* Classes */ = {
			isa = PBXGroup;
			children = (
				D4BF93581C5CB99D005D06AA /* AppShared */,
				D4BF93741C5CB99D005D06AA /* TabBarRoot */,
				D4BF936A1C5CB99D005D06AA /* TabBarMain */,
				D4BF93651C5CB99D005D06AA /* TabBarDevice */,
				D4BF93601C5CB99D005D06AA /* TabBarBattery */,
				D4BF936F1C5CB99D005D06AA /* TabBarProfile */,
			);
			path = Classes;
			sourceTree = "<group>";
		};
		D4BF93581C5CB99D005D06AA /* AppShared */ = {
			isa = PBXGroup;
			children = (
				D4BF93591C5CB99D005D06AA /* Application */,
				D42E3F601C5E28AD00DBA224 /* Controller */,
				D4BF935C1C5CB99D005D06AA /* Extension */,
				D4BF935D1C5CB99D005D06AA /* Library */,
				D4BF935E1C5CB99D005D06AA /* Manager */,
				D4BF935F1C5CB99D005D06AA /* Tools */,
				D4B28E7B1C5DD96000259F89 /* View */,
			);
			path = AppShared;
			sourceTree = "<group>";
		};
		D4BF93591C5CB99D005D06AA /* Application */ = {
			isa = PBXGroup;
			children = (
				D4BF935A1C5CB99D005D06AA /* ICAppDelegate.h */,
				D4BF935B1C5CB99D005D06AA /* ICAppDelegate.m */,
			);
			path = Application;
			sourceTree = "<group>";
		};
		D4BF935C1C5CB99D005D06AA /* Extension */ = {
			isa = PBXGroup;
			children = (
				D4B28E7F1C5DDDF600259F89 /* UIKit */,
			);
			path = Extension;
			sourceTree = "<group>";
		};
		D4BF935D1C5CB99D005D06AA /* Library */ = {
			isa = PBXGroup;
			children = (
				D4B28EA51C5E0E8E00259F89 /* MUBottomPopView */,
			);
			path = Library;
			sourceTree = "<group>";
		};
		D4BF935E1C5CB99D005D06AA /* Manager */ = {
			isa = PBXGroup;
			children = (
			);
			path = Manager;
			sourceTree = "<group>";
		};
		D4BF935F1C5CB99D005D06AA /* Tools */ = {
			isa = PBXGroup;
			children = (
				D4B28EBA1C5E0EBA00259F89 /* ICUserDefaults.h */,
				D4B28EBB1C5E0EBA00259F89 /* ICUserDefaults.m */,
				D42E3F651C5E600B00DBA224 /* ICGroupTableViewTools.h */,
				D42E3F661C5E600B00DBA224 /* ICGroupTableViewTools.m */,
			);
			path = Tools;
			sourceTree = "<group>";
		};
		D4BF93601C5CB99D005D06AA /* TabBarBattery */ = {
			isa = PBXGroup;
			children = (
				D4BF93611C5CB99D005D06AA /* Controller */,
				D4BF93621C5CB99D005D06AA /* Model */,
				D4BF93631C5CB99D005D06AA /* Tools */,
				D4BF93641C5CB99D005D06AA /* View */,
			);
			path = TabBarBattery;
			sourceTree = "<group>";
		};
		D4BF93611C5CB99D005D06AA /* Controller */ = {
			isa = PBXGroup;
			children = (
				D4BF93861C5CBF13005D06AA /* ICBatteryViewController.h */,
				D4BF93871C5CBF13005D06AA /* ICBatteryViewController.m */,
			);
			path = Controller;
			sourceTree = "<group>";
		};
		D4BF93621C5CB99D005D06AA /* Model */ = {
			isa = PBXGroup;
			children = (
			);
			path = Model;
			sourceTree = "<group>";
		};
		D4BF93631C5CB99D005D06AA /* Tools */ = {
			isa = PBXGroup;
			children = (
			);
			path = Tools;
			sourceTree = "<group>";
		};
		D4BF93641C5CB99D005D06AA /* View */ = {
			isa = PBXGroup;
			children = (
			);
			path = View;
			sourceTree = "<group>";
		};
		D4BF93651C5CB99D005D06AA /* TabBarDevice */ = {
			isa = PBXGroup;
			children = (
				D4BF93661C5CB99D005D06AA /* Controller */,
				D4BF93671C5CB99D005D06AA /* Model */,
				D4BF93681C5CB99D005D06AA /* Tools */,
				D4BF93691C5CB99D005D06AA /* View */,
			);
			path = TabBarDevice;
			sourceTree = "<group>";
		};
		D4BF93661C5CB99D005D06AA /* Controller */ = {
			isa = PBXGroup;
			children = (
				D4BF93831C5CBE9A005D06AA /* ICDeviceViewController.h */,
				D4BF93841C5CBE9A005D06AA /* ICDeviceViewController.m */,
			);
			path = Controller;
			sourceTree = "<group>";
		};
		D4BF93671C5CB99D005D06AA /* Model */ = {
			isa = PBXGroup;
			children = (
			);
			path = Model;
			sourceTree = "<group>";
		};
		D4BF93681C5CB99D005D06AA /* Tools */ = {
			isa = PBXGroup;
			children = (
			);
			path = Tools;
			sourceTree = "<group>";
		};
		D4BF93691C5CB99D005D06AA /* View */ = {
			isa = PBXGroup;
			children = (
			);
			path = View;
			sourceTree = "<group>";
		};
		D4BF936A1C5CB99D005D06AA /* TabBarMain */ = {
			isa = PBXGroup;
			children = (
				D4BF936B1C5CB99D005D06AA /* Controller */,
				D4BF936C1C5CB99D005D06AA /* Model */,
				D4BF936D1C5CB99D005D06AA /* Tools */,
				D4BF936E1C5CB99D005D06AA /* View */,
			);
			path = TabBarMain;
			sourceTree = "<group>";
		};
		D4BF936B1C5CB99D005D06AA /* Controller */ = {
			isa = PBXGroup;
			children = (
				D4BF93801C5CBD32005D06AA /* ICMainViewController.h */,
				D4BF93811C5CBD32005D06AA /* ICMainViewController.m */,
			);
			path = Controller;
			sourceTree = "<group>";
		};
		D4BF936C1C5CB99D005D06AA /* Model */ = {
			isa = PBXGroup;
			children = (
			);
			path = Model;
			sourceTree = "<group>";
		};
		D4BF936D1C5CB99D005D06AA /* Tools */ = {
			isa = PBXGroup;
			children = (
			);
			path = Tools;
			sourceTree = "<group>";
		};
		D4BF936E1C5CB99D005D06AA /* View */ = {
			isa = PBXGroup;
			children = (
			);
			path = View;
			sourceTree = "<group>";
		};
		D4BF936F1C5CB99D005D06AA /* TabBarProfile */ = {
			isa = PBXGroup;
			children = (
				D4BF93701C5CB99D005D06AA /* Controller */,
				D4BF93711C5CB99D005D06AA /* Model */,
				D4BF93721C5CB99D005D06AA /* Tools */,
				D4BF93731C5CB99D005D06AA /* View */,
			);
			path = TabBarProfile;
			sourceTree = "<group>";
		};
		D4BF93701C5CB99D005D06AA /* Controller */ = {
			isa = PBXGroup;
			children = (
				D4BF93891C5CBF91005D06AA /* ICProfileViewController.h */,
				D4BF938A1C5CBF91005D06AA /* ICProfileViewController.m */,
			);
			path = Controller;
			sourceTree = "<group>";
		};
		D4BF93711C5CB99D005D06AA /* Model */ = {
			isa = PBXGroup;
			children = (
			);
			path = Model;
			sourceTree = "<group>";
		};
		D4BF93721C5CB99D005D06AA /* Tools */ = {
			isa = PBXGroup;
			children = (
			);
			path = Tools;
			sourceTree = "<group>";
		};
		D4BF93731C5CB99D005D06AA /* View */ = {
			isa = PBXGroup;
			children = (
				D4B28E781C5DD89A00259F89 /* ICProfileAddressCell.h */,
				D4B28E791C5DD89A00259F89 /* ICProfileAddressCell.m */,
				D4B28E9C1C5DE0A900259F89 /* ICProfilePortCell.h */,
				D4B28E9D1C5DE0A900259F89 /* ICProfilePortCell.m */,
				D42E3F5D1C5E202E00DBA224 /* ICProfileTimeoutCell.h */,
				D42E3F5E1C5E202E00DBA224 /* ICProfileTimeoutCell.m */,
			);
			path = View;
			sourceTree = "<group>";
		};
		D4BF93741C5CB99D005D06AA /* TabBarRoot */ = {
			isa = PBXGroup;
			children = (
				D4BF93751C5CB99D005D06AA /* Controller */,
				D4BF93761C5CB99D005D06AA /* Model */,
				D4BF93771C5CB99D005D06AA /* Tools */,
				D4BF93781C5CB99D005D06AA /* View */,
			);
			path = TabBarRoot;
			sourceTree = "<group>";
		};
		D4BF93751C5CB99D005D06AA /* Controller */ = {
			isa = PBXGroup;
			children = (
				D4BF937D1C5CBD0C005D06AA /* ICTabBarViewController.h */,
				D4BF937E1C5CBD0C005D06AA /* ICTabBarViewController.m */,
			);
			path = Controller;
			sourceTree = "<group>";
		};
		D4BF93761C5CB99D005D06AA /* Model */ = {
			isa = PBXGroup;
			children = (
			);
			path = Model;
			sourceTree = "<group>";
		};
		D4BF93771C5CB99D005D06AA /* Tools */ = {
			isa = PBXGroup;
			children = (
			);
			path = Tools;
			sourceTree = "<group>";
		};
		D4BF93781C5CB99D005D06AA /* View */ = {
			isa = PBXGroup;
			children = (
			);
			path = View;
			sourceTree = "<group>";
		};
		D5521F4B6D648221E3B5DE73 /* Frameworks */ = {
			isa = PBXGroup;
			children = (
				8A7C5C558FD000A489DEFD19 /* libPods-iController.a */,
			);
			name = Frameworks;
			sourceTree = "<group>";
		};
/* End PBXGroup section */

/* Begin PBXNativeTarget section */
		D4BF933C1C5CB741005D06AA /* iController */ = {
			isa = PBXNativeTarget;
			buildConfigurationList = D4BF93541C5CB741005D06AA /* Build configuration list for PBXNativeTarget "iController" */;
			buildPhases = (
				E055ED682D512C238C73463E /* Check Pods Manifest.lock */,
				D4BF93391C5CB741005D06AA /* Sources */,
				D4BF933A1C5CB741005D06AA /* Frameworks */,
				D4BF933B1C5CB741005D06AA /* Resources */,
				31B86FED39E0BB7529CA81D9 /* Embed Pods Frameworks */,
				C63F2DED7023AFB052A0E0FF /* Copy Pods Resources */,
			);
			buildRules = (
			);
			dependencies = (
			);
			name = iController;
			productName = iController;
			productReference = D4BF933D1C5CB741005D06AA /* iController.app */;
			productType = "com.apple.product-type.application";
		};
/* End PBXNativeTarget section */

/* Begin PBXProject section */
		D4BF93351C5CB741005D06AA /* Project object */ = {
			isa = PBXProject;
			attributes = {
				CLASSPREFIX = IC;
				LastUpgradeCheck = 0720;
				ORGANIZATIONNAME = unique;
				TargetAttributes = {
					D4BF933C1C5CB741005D06AA = {
						CreatedOnToolsVersion = 7.2;
					};
				};
			};
			buildConfigurationList = D4BF93381C5CB741005D06AA /* Build configuration list for PBXProject "iController" */;
			compatibilityVersion = "Xcode 3.2";
			developmentRegion = English;
			hasScannedForEncodings = 0;
			knownRegions = (
				Base,
				"zh-Hans",
			);
			mainGroup = D4BF93341C5CB741005D06AA;
			productRefGroup = D4BF933E1C5CB741005D06AA /* Products */;
			projectDirPath = "";
			projectRoot = "";
			targets = (
				D4BF933C1C5CB741005D06AA /* iController */,
			);
		};
/* End PBXProject section */

/* Begin PBXResourcesBuildPhase section */
		D4BF933B1C5CB741005D06AA /* Resources */ = {
			isa = PBXResourcesBuildPhase;
			buildActionMask = 2147483647;
			files = (
				D4B28EB91C5E0E8E00259F89 /* pcr.plist in Resources */,
				D4B28E991C5DDDF600259F89 /* UINavigationBar.bundle in Resources */,
				D4BF934D1C5CB741005D06AA /* Assets.xcassets in Resources */,
				D4BF938E1C5CC2B1005D06AA /* Localizable.strings in Resources */,
			);
			runOnlyForDeploymentPostprocessing = 0;
		};
/* End PBXResourcesBuildPhase section */

/* Begin PBXShellScriptBuildPhase section */
		31B86FED39E0BB7529CA81D9 /* Embed Pods Frameworks */ = {
			isa = PBXShellScriptBuildPhase;
			buildActionMask = 2147483647;
			files = (
			);
			inputPaths = (
			);
			name = "Embed Pods Frameworks";
			outputPaths = (
			);
			runOnlyForDeploymentPostprocessing = 0;
			shellPath = /bin/sh;
			shellScript = "\"${SRCROOT}/Pods/Target Support Files/Pods-iController/Pods-iController-frameworks.sh\"\n";
			showEnvVarsInLog = 0;
		};
		C63F2DED7023AFB052A0E0FF /* Copy Pods Resources */ = {
			isa = PBXShellScriptBuildPhase;
			buildActionMask = 2147483647;
			files = (
			);
			inputPaths = (
			);
			name = "Copy Pods Resources";
			outputPaths = (
			);
			runOnlyForDeploymentPostprocessing = 0;
			shellPath = /bin/sh;
			shellScript = "\"${SRCROOT}/Pods/Target Support Files/Pods-iController/Pods-iController-resources.sh\"\n";
			showEnvVarsInLog = 0;
		};
		E055ED682D512C238C73463E /* Check Pods Manifest.lock */ = {
			isa = PBXShellScriptBuildPhase;
			buildActionMask = 2147483647;
			files = (
			);
			inputPaths = (
			);
			name = "Check Pods Manifest.lock";
			outputPaths = (
			);
			runOnlyForDeploymentPostprocessing = 0;
			shellPath = /bin/sh;
			shellScript = "diff \"${PODS_ROOT}/../Podfile.lock\" \"${PODS_ROOT}/Manifest.lock\" > /dev/null\nif [[ $? != 0 ]] ; then\n    cat << EOM\nerror: The sandbox is not in sync with the Podfile.lock. Run 'pod install' or update your CocoaPods installation.\nEOM\n    exit 1\nfi\n";
			showEnvVarsInLog = 0;
		};
/* End PBXShellScriptBuildPhase section */

/* Begin PBXSourcesBuildPhase section */
		D4BF93391C5CB741005D06AA /* Sources */ = {
			isa = PBXSourcesBuildPhase;
			buildActionMask = 2147483647;
			files = (
				D4B28E9E1C5DE0A900259F89 /* ICProfilePortCell.m in Sources */,
				D4B28EB81C5E0E8E00259F89 /* MUBottomPopView.m in Sources */,
				D4B28E9A1C5DDDF600259F89 /* UIView+Extension.m in Sources */,
				D4BF93881C5CBF13005D06AA /* ICBatteryViewController.m in Sources */,
				D4BF93421C5CB741005D06AA /* main.m in Sources */,
				D4BF93821C5CBD32005D06AA /* ICMainViewController.m in Sources */,
				D4B28EB41C5E0E8E00259F89 /* MUBottomPopDatePickerView.m in Sources */,
				D4B28EB31C5E0E8E00259F89 /* MUBottomPopCityPickerView.m in Sources */,
				D4BF93851C5CBE9A005D06AA /* ICDeviceViewController.m in Sources */,
				D4B28E941C5DDDF600259F89 /* UIBarButtonItem+Extension.m in Sources */,
				D4B28E7A1C5DD89A00259F89 /* ICProfileAddressCell.m in Sources */,
				D4BF938B1C5CBF91005D06AA /* ICProfileViewController.m in Sources */,
				D4B28E981C5DDDF600259F89 /* UINavigationBar+Extension.m in Sources */,
				D4B28E961C5DDDF600259F89 /* UIColor+Extension.m in Sources */,
				D4B28EBC1C5E0EBA00259F89 /* ICUserDefaults.m in Sources */,
				D4B28E971C5DDDF600259F89 /* UIImage+Extension.m in Sources */,
				D4B28E951C5DDDF600259F89 /* UIButton+Extension.m in Sources */,
				D42E3F671C5E600B00DBA224 /* ICGroupTableViewTools.m in Sources */,
				D4BF937F1C5CBD0C005D06AA /* ICTabBarViewController.m in Sources */,
				D4B28EB61C5E0E8E00259F89 /* MUBottomPopNumberPickerView.m in Sources */,
				D4B28EB71C5E0E8E00259F89 /* MUBottomPopPickerView.m in Sources */,
				D4B28E7E1C5DD96A00259F89 /* ICTableViewCell.m in Sources */,
				D42E3F5F1C5E202E00DBA224 /* ICProfileTimeoutCell.m in Sources */,
				D4B28EB51C5E0E8E00259F89 /* MUBottomPopGroupPickerView.m in Sources */,
				D4BF93791C5CB99D005D06AA /* ICAppDelegate.m in Sources */,
				D42E3F641C5E28BF00DBA224 /* ICNavigationController.m in Sources */,
			);
			runOnlyForDeploymentPostprocessing = 0;
		};
/* End PBXSourcesBuildPhase section */

/* Begin PBXVariantGroup section */
		D4BF93901C5CC2B1005D06AA /* Localizable.strings */ = {
			isa = PBXVariantGroup;
			children = (
				D4BF93911C5CC2B9005D06AA /* zh-Hans */,
			);
			name = Localizable.strings;
			sourceTree = "<group>";
		};
/* End PBXVariantGroup section */

/* Begin XCBuildConfiguration section */
		D4BF93521C5CB741005D06AA /* Debug */ = {
			isa = XCBuildConfiguration;
			buildSettings = {
				ALWAYS_SEARCH_USER_PATHS = NO;
				CLANG_CXX_LANGUAGE_STANDARD = "gnu++0x";
				CLANG_CXX_LIBRARY = "libc++";
				CLANG_ENABLE_MODULES = YES;
				CLANG_ENABLE_OBJC_ARC = YES;
				CLANG_WARN_BOOL_CONVERSION = YES;
				CLANG_WARN_CONSTANT_CONVERSION = YES;
				CLANG_WARN_DIRECT_OBJC_ISA_USAGE = YES_ERROR;
				CLANG_WARN_EMPTY_BODY = YES;
				CLANG_WARN_ENUM_CONVERSION = YES;
				CLANG_WARN_INT_CONVERSION = YES;
				CLANG_WARN_OBJC_ROOT_CLASS = YES_ERROR;
				CLANG_WARN_UNREACHABLE_CODE = YES;
				CLANG_WARN__DUPLICATE_METHOD_MATCH = YES;
				"CODE_SIGN_IDENTITY[sdk=iphoneos*]" = "iPhone Developer";
				COPY_PHASE_STRIP = NO;
				DEBUG_INFORMATION_FORMAT = dwarf;
				ENABLE_STRICT_OBJC_MSGSEND = YES;
				ENABLE_TESTABILITY = YES;
				GCC_C_LANGUAGE_STANDARD = gnu99;
				GCC_DYNAMIC_NO_PIC = NO;
				GCC_NO_COMMON_BLOCKS = YES;
				GCC_OPTIMIZATION_LEVEL = 0;
				GCC_PREPROCESSOR_DEFINITIONS = (
					"DEBUG=1",
					"$(inherited)",
				);
				GCC_WARN_64_TO_32_BIT_CONVERSION = YES;
				GCC_WARN_ABOUT_RETURN_TYPE = YES_ERROR;
				GCC_WARN_UNDECLARED_SELECTOR = YES;
				GCC_WARN_UNINITIALIZED_AUTOS = YES_AGGRESSIVE;
				GCC_WARN_UNUSED_FUNCTION = YES;
				GCC_WARN_UNUSED_VARIABLE = YES;
				IPHONEOS_DEPLOYMENT_TARGET = 9.2;
				MTL_ENABLE_DEBUG_INFO = YES;
				ONLY_ACTIVE_ARCH = YES;
				SDKROOT = iphoneos;
			};
			name = Debug;
		};
		D4BF93531C5CB741005D06AA /* Release */ = {
			isa = XCBuildConfiguration;
			buildSettings = {
				ALWAYS_SEARCH_USER_PATHS = NO;
				CLANG_CXX_LANGUAGE_STANDARD = "gnu++0x";
				CLANG_CXX_LIBRARY = "libc++";
				CLANG_ENABLE_MODULES = YES;
				CLANG_ENABLE_OBJC_ARC = YES;
				CLANG_WARN_BOOL_CONVERSION = YES;
				CLANG_WARN_CONSTANT_CONVERSION = YES;
				CLANG_WARN_DIRECT_OBJC_ISA_USAGE = YES_ERROR;
				CLANG_WARN_EMPTY_BODY = YES;
				CLANG_WARN_ENUM_CONVERSION = YES;
				CLANG_WARN_INT_CONVERSION = YES;
				CLANG_WARN_OBJC_ROOT_CLASS = YES_ERROR;
				CLANG_WARN_UNREACHABLE_CODE = YES;
				CLANG_WARN__DUPLICATE_METHOD_MATCH = YES;
				"CODE_SIGN_IDENTITY[sdk=iphoneos*]" = "iPhone Developer";
				COPY_PHASE_STRIP = NO;
				DEBUG_INFORMATION_FORMAT = "dwarf-with-dsym";
				ENABLE_NS_ASSERTIONS = NO;
				ENABLE_STRICT_OBJC_MSGSEND = YES;
				GCC_C_LANGUAGE_STANDARD = gnu99;
				GCC_NO_COMMON_BLOCKS = YES;
				GCC_WARN_64_TO_32_BIT_CONVERSION = YES;
				GCC_WARN_ABOUT_RETURN_TYPE = YES_ERROR;
				GCC_WARN_UNDECLARED_SELECTOR = YES;
				GCC_WARN_UNINITIALIZED_AUTOS = YES_AGGRESSIVE;
				GCC_WARN_UNUSED_FUNCTION = YES;
				GCC_WARN_UNUSED_VARIABLE = YES;
				IPHONEOS_DEPLOYMENT_TARGET = 9.2;
				MTL_ENABLE_DEBUG_INFO = NO;
				SDKROOT = iphoneos;
				VALIDATE_PRODUCT = YES;
			};
			name = Release;
		};
		D4BF93551C5CB741005D06AA /* Debug */ = {
			isa = XCBuildConfiguration;
			baseConfigurationReference = C999C7AA71CD9377E79BABB8 /* Pods-iController.debug.xcconfig */;
			buildSettings = {
				ASSETCATALOG_COMPILER_APPICON_NAME = AppIcon;
				ASSETCATALOG_COMPILER_LAUNCHIMAGE_NAME = "Brand Assets";
				GCC_PREFIX_HEADER = "${PRODUCT_NAME}/PrefixHeader.pch";
				INFOPLIST_FILE = iController/Info.plist;
				IPHONEOS_DEPLOYMENT_TARGET = 8.0;
				LD_RUNPATH_SEARCH_PATHS = "$(inherited) @executable_path/Frameworks";
				PRODUCT_BUNDLE_IDENTIFIER = com.unique.iController;
				PRODUCT_NAME = "$(TARGET_NAME)";
				TARGETED_DEVICE_FAMILY = 1;
			};
			name = Debug;
		};
		D4BF93561C5CB741005D06AA /* Release */ = {
			isa = XCBuildConfiguration;
			baseConfigurationReference = 225900FC28075EC794090DAB /* Pods-iController.release.xcconfig */;
			buildSettings = {
				ASSETCATALOG_COMPILER_APPICON_NAME = AppIcon;
				ASSETCATALOG_COMPILER_LAUNCHIMAGE_NAME = "Brand Assets";
				GCC_PREFIX_HEADER = "${PRODUCT_NAME}/PrefixHeader.pch";
				INFOPLIST_FILE = iController/Info.plist;
				IPHONEOS_DEPLOYMENT_TARGET = 8.0;
				LD_RUNPATH_SEARCH_PATHS = "$(inherited) @executable_path/Frameworks";
				PRODUCT_BUNDLE_IDENTIFIER = com.unique.iController;
				PRODUCT_NAME = "$(TARGET_NAME)";
				TARGETED_DEVICE_FAMILY = 1;
			};
			name = Release;
		};
/* End XCBuildConfiguration section */

/* Begin XCConfigurationList section */
		D4BF93381C5CB741005D06AA /* Build configuration list for PBXProject "iController" */ = {
			isa = XCConfigurationList;
			buildConfigurations = (
				D4BF93521C5CB741005D06AA /* Debug */,
				D4BF93531C5CB741005D06AA /* Release */,
			);
			defaultConfigurationIsVisible = 0;
			defaultConfigurationName = Release;
		};
		D4BF93541C5CB741005D06AA /* Build configuration list for PBXNativeTarget "iController" */ = {
			isa = XCConfigurationList;
			buildConfigurations = (
				D4BF93551C5CB741005D06AA /* Debug */,
				D4BF93561C5CB741005D06AA /* Release */,
			);
			defaultConfigurationIsVisible = 0;
			defaultConfigurationName = Release;
		};
/* End XCConfigurationList section */
	};
	rootObject = D4BF93351C5CB741005D06AA /* Project object */;
}
