// !$*UTF8*$!
{
	archiveVersion = 1;
	classes = {
	};
	objectVersion = 46;
	objects = {

/* Begin PBXBuildFile section */
		D4BF93421C5CB741005D06AA /* main.m in Sources */ = {isa = PBXBuildFile; fileRef = D4BF93411C5CB741005D06AA /* main.m */; };
		D4BF934D1C5CB741005D06AA /* Assets.xcassets in Resources */ = {isa = PBXBuildFile; fileRef = D4BF934C1C5CB741005D06AA /* Assets.xcassets */; };
		D4BF93791C5CB99D005D06AA /* ICAppDelegate.m in Sources */ = {isa = PBXBuildFile; fileRef = D4BF935B1C5CB99D005D06AA /* ICAppDelegate.m */; };
		D4BF937F1C5CBD0C005D06AA /* ICTabBarViewController.m in Sources */ = {isa = PBXBuildFile; fileRef = D4BF937E1C5CBD0C005D06AA /* ICTabBarViewController.m */; };
		D4BF93821C5CBD32005D06AA /* ICMainViewController.m in Sources */ = {isa = PBXBuildFile; fileRef = D4BF93811C5CBD32005D06AA /* ICMainViewController.m */; };
		D4BF93851C5CBE9A005D06AA /* ICDeviceViewController.m in Sources */ = {isa = PBXBuildFile; fileRef = D4BF93841C5CBE9A005D06AA /* ICDeviceViewController.m */; };
		D4BF93881C5CBF13005D06AA /* ICBatteryViewController.m in Sources */ = {isa = PBXBuildFile; fileRef = D4BF93871C5CBF13005D06AA /* ICBatteryViewController.m */; };
		D4BF938B1C5CBF91005D06AA /* ICProfileViewController.m in Sources */ = {isa = PBXBuildFile; fileRef = D4BF938A1C5CBF91005D06AA /* ICProfileViewController.m */; };
		D4BF938E1C5CC2B1005D06AA /* Localizable.strings in Resources */ = {isa = PBXBuildFile; fileRef = D4BF93901C5CC2B1005D06AA /* Localizable.strings */; };
/* End PBXBuildFile section */

/* Begin PBXFileReference section */
		D4BF933D1C5CB741005D06AA /* iController.app */ = {isa = PBXFileReference; explicitFileType = wrapper.application; includeInIndex = 0; path = iController.app; sourceTree = BUILT_PRODUCTS_DIR; };
		D4BF93411C5CB741005D06AA /* main.m */ = {isa = PBXFileReference; lastKnownFileType = sourcecode.c.objc; path = main.m; sourceTree = "<group>"; };
		D4BF934C1C5CB741005D06AA /* Assets.xcassets */ = {isa = PBXFileReference; lastKnownFileType = folder.assetcatalog; path = Assets.xcassets; sourceTree = "<group>"; };
		D4BF93511C5CB741005D06AA /* Info.plist */ = {isa = PBXFileReference; lastKnownFileType = text.plist.xml; path = Info.plist; sourceTree = "<group>"; };
		D4BF935A1C5CB99D005D06AA /* ICAppDelegate.h */ = {isa = PBXFileReference; fileEncoding = 4; lastKnownFileType = sourcecode.c.h; path = ICAppDelegate.h; sourceTree = "<group>"; };
		D4BF935B1C5CB99D005D06AA /* ICAppDelegate.m */ = {isa = PBXFileReference; fileEncoding = 4; lastKnownFileType = sourcecode.c.objc; path = ICAppDelegate.m; sourceTree = "<group>"; };
		D4BF937D1C5CBD0C005D06AA /* ICTabBarViewController.h */ = {isa = PBXFileReference; fileEncoding = 4; lastKnownFileType = sourcecode.c.h; path = ICTabBarViewController.h; sourceTree = "<group>"; };
		D4BF937E1C5CBD0C005D06AA /* ICTabBarViewController.m */ = {isa = PBXFileReference; fileEncoding = 4; lastKnownFileType = sourcecode.c.objc; path = ICTabBarViewController.m; sourceTree = "<group>"; };
		D4BF93801C5CBD32005D06AA /* ICMainViewController.h */ = {isa = PBXFileReference; fileEncoding = 4; lastKnownFileType = sourcecode.c.h; path = ICMainViewController.h; sourceTree = "<group>"; };
		D4BF93811C5CBD32005D06AA /* ICMainViewController.m */ = {isa = PBXFileReference; fileEncoding = 4; lastKnownFileType = sourcecode.c.objc; path = ICMainViewController.m; sourceTree = "<group>"; };
		D4BF93831C5CBE9A005D06AA /* ICDeviceViewController.h */ = {isa = PBXFileReference; fileEncoding = 4; lastKnownFileType = sourcecode.c.h; path = ICDeviceViewController.h; sourceTree = "<group>"; };
		D4BF93841C5CBE9A005D06AA /* ICDeviceViewController.m */ = {isa = PBXFileReference; fileEncoding = 4; lastKnownFileType = sourcecode.c.objc; path = ICDeviceViewController.m; sourceTree = "<group>"; };
		D4BF93861C5CBF13005D06AA /* ICBatteryViewController.h */ = {isa = PBXFileReference; fileEncoding = 4; lastKnownFileType = sourcecode.c.h; path = ICBatteryViewController.h; sourceTree = "<group>"; };
		D4BF93871C5CBF13005D06AA /* ICBatteryViewController.m */ = {isa = PBXFileReference; fileEncoding = 4; lastKnownFileType = sourcecode.c.objc; path = ICBatteryViewController.m; sourceTree = "<group>"; };
		D4BF93891C5CBF91005D06AA /* ICProfileViewController.h */ = {isa = PBXFileReference; fileEncoding = 4; lastKnownFileType = sourcecode.c.h; path = ICProfileViewController.h; sourceTree = "<group>"; };
		D4BF938A1C5CBF91005D06AA /* ICProfileViewController.m */ = {isa = PBXFileReference; fileEncoding = 4; lastKnownFileType = sourcecode.c.objc; path = ICProfileViewController.m; sourceTree = "<group>"; };
		D4BF93911C5CC2B9005D06AA /* zh-Hans */ = {isa = PBXFileReference; lastKnownFileType = text.plist.strings; name = "zh-Hans"; path = "zh-Hans.lproj/Localizable.strings"; sourceTree = "<group>"; };
/* End PBXFileReference section */

/* Begin PBXFrameworksBuildPhase section */
		D4BF933A1C5CB741005D06AA /* Frameworks */ = {
			isa = PBXFrameworksBuildPhase;
			buildActionMask = 2147483647;
			files = (
			);
			runOnlyForDeploymentPostprocessing = 0;
		};
/* End PBXFrameworksBuildPhase section */

/* Begin PBXGroup section */
		D4BF93341C5CB741005D06AA = {
			isa = PBXGroup;
			children = (
				D4BF933F1C5CB741005D06AA /* iController */,
				D4BF933E1C5CB741005D06AA /* Products */,
			);
			sourceTree = "<group>";
		};
		D4BF933E1C5CB741005D06AA /* Products */ = {
			isa = PBXGroup;
			children = (
				D4BF933D1C5CB741005D06AA /* iController.app */,
			);
			name = Products;
			sourceTree = "<group>";
		};
		D4BF933F1C5CB741005D06AA /* iController */ = {
			isa = PBXGroup;
			children = (
				D4BF93571C5CB99D005D06AA /* Classes */,
				D4BF93401C5CB741005D06AA /* Supporting Files */,
			);
			path = iController;
			sourceTree = "<group>";
		};
		D4BF93401C5CB741005D06AA /* Supporting Files */ = {
			isa = PBXGroup;
			children = (
				D4BF934C1C5CB741005D06AA /* Assets.xcassets */,
				D4BF93511C5CB741005D06AA /* Info.plist */,
				D4BF93411C5CB741005D06AA /* main.m */,
				D4BF93901C5CC2B1005D06AA /* Localizable.strings */,
			);
			name = "Supporting Files";
			sourceTree = "<group>";
		};
		D4BF93571C5CB99D005D06AA /* Classes */ = {
			isa = PBXGroup;
			children = (
				D4BF93581C5CB99D005D06AA /* AppShared */,
				D4BF93741C5CB99D005D06AA /* TabBarRoot */,
				D4BF936A1C5CB99D005D06AA /* TabBarMain */,
				D4BF93651C5CB99D005D06AA /* TabBarDevice */,
				D4BF93601C5CB99D005D06AA /* TabBarBattery */,
				D4BF936F1C5CB99D005D06AA /* TabBarProfile */,
			);
			path = Classes;
			sourceTree = "<group>";
		};
		D4BF93581C5CB99D005D06AA /* AppShared */ = {
			isa = PBXGroup;
			children = (
				D4BF93591C5CB99D005D06AA /* Application */,
				D4BF935C1C5CB99D005D06AA /* Extension */,
				D4BF935D1C5CB99D005D06AA /* Library */,
				D4BF935E1C5CB99D005D06AA /* Manager */,
				D4BF935F1C5CB99D005D06AA /* Tools */,
			);
			path = AppShared;
			sourceTree = "<group>";
		};
		D4BF93591C5CB99D005D06AA /* Application */ = {
			isa = PBXGroup;
			children = (
				D4BF935A1C5CB99D005D06AA /* ICAppDelegate.h */,
				D4BF935B1C5CB99D005D06AA /* ICAppDelegate.m */,
			);
			path = Application;
			sourceTree = "<group>";
		};
		D4BF935C1C5CB99D005D06AA /* Extension */ = {
			isa = PBXGroup;
			children = (
			);
			path = Extension;
			sourceTree = "<group>";
		};
		D4BF935D1C5CB99D005D06AA /* Library */ = {
			isa = PBXGroup;
			children = (
			);
			path = Library;
			sourceTree = "<group>";
		};
		D4BF935E1C5CB99D005D06AA /* Manager */ = {
			isa = PBXGroup;
			children = (
			);
			path = Manager;
			sourceTree = "<group>";
		};
		D4BF935F1C5CB99D005D06AA /* Tools */ = {
			isa = PBXGroup;
			children = (
			);
			path = Tools;
			sourceTree = "<group>";
		};
		D4BF93601C5CB99D005D06AA /* TabBarBattery */ = {
			isa = PBXGroup;
			children = (
				D4BF93611C5CB99D005D06AA /* Controller */,
				D4BF93621C5CB99D005D06AA /* Model */,
				D4BF93631C5CB99D005D06AA /* Tools */,
				D4BF93641C5CB99D005D06AA /* View */,
			);
			path = TabBarBattery;
			sourceTree = "<group>";
		};
		D4BF93611C5CB99D005D06AA /* Controller */ = {
			isa = PBXGroup;
			children = (
				D4BF93861C5CBF13005D06AA /* ICBatteryViewController.h */,
				D4BF93871C5CBF13005D06AA /* ICBatteryViewController.m */,
			);
			path = Controller;
			sourceTree = "<group>";
		};
		D4BF93621C5CB99D005D06AA /* Model */ = {
			isa = PBXGroup;
			children = (
			);
			path = Model;
			sourceTree = "<group>";
		};
		D4BF93631C5CB99D005D06AA /* Tools */ = {
			isa = PBXGroup;
			children = (
			);
			path = Tools;
			sourceTree = "<group>";
		};
		D4BF93641C5CB99D005D06AA /* View */ = {
			isa = PBXGroup;
			children = (
			);
			path = View;
			sourceTree = "<group>";
		};
		D4BF93651C5CB99D005D06AA /* TabBarDevice */ = {
			isa = PBXGroup;
			children = (
				D4BF93661C5CB99D005D06AA /* Controller */,
				D4BF93671C5CB99D005D06AA /* Model */,
				D4BF93681C5CB99D005D06AA /* Tools */,
				D4BF93691C5CB99D005D06AA /* View */,
			);
			path = TabBarDevice;
			sourceTree = "<group>";
		};
		D4BF93661C5CB99D005D06AA /* Controller */ = {
			isa = PBXGroup;
			children = (
				D4BF93831C5CBE9A005D06AA /* ICDeviceViewController.h */,
				D4BF93841C5CBE9A005D06AA /* ICDeviceViewController.m */,
			);
			path = Controller;
			sourceTree = "<group>";
		};
		D4BF93671C5CB99D005D06AA /* Model */ = {
			isa = PBXGroup;
			children = (
			);
			path = Model;
			sourceTree = "<group>";
		};
		D4BF93681C5CB99D005D06AA /* Tools */ = {
			isa = PBXGroup;
			children = (
			);
			path = Tools;
			sourceTree = "<group>";
		};
		D4BF93691C5CB99D005D06AA /* View */ = {
			isa = PBXGroup;
			children = (
			);
			path = View;
			sourceTree = "<group>";
		};
		D4BF936A1C5CB99D005D06AA /* TabBarMain */ = {
			isa = PBXGroup;
			children = (
				D4BF936B1C5CB99D005D06AA /* Controller */,
				D4BF936C1C5CB99D005D06AA /* Model */,
				D4BF936D1C5CB99D005D06AA /* Tools */,
				D4BF936E1C5CB99D005D06AA /* View */,
			);
			path = TabBarMain;
			sourceTree = "<group>";
		};
		D4BF936B1C5CB99D005D06AA /* Controller */ = {
			isa = PBXGroup;
			children = (
				D4BF93801C5CBD32005D06AA /* ICMainViewController.h */,
				D4BF93811C5CBD32005D06AA /* ICMainViewController.m */,
			);
			path = Controller;
			sourceTree = "<group>";
		};
		D4BF936C1C5CB99D005D06AA /* Model */ = {
			isa = PBXGroup;
			children = (
			);
			path = Model;
			sourceTree = "<group>";
		};
		D4BF936D1C5CB99D005D06AA /* Tools */ = {
			isa = PBXGroup;
			children = (
			);
			path = Tools;
			sourceTree = "<group>";
		};
		D4BF936E1C5CB99D005D06AA /* View */ = {
			isa = PBXGroup;
			children = (
			);
			path = View;
			sourceTree = "<group>";
		};
		D4BF936F1C5CB99D005D06AA /* TabBarProfile */ = {
			isa = PBXGroup;
			children = (
				D4BF93701C5CB99D005D06AA /* Controller */,
				D4BF93711C5CB99D005D06AA /* Model */,
				D4BF93721C5CB99D005D06AA /* Tools */,
				D4BF93731C5CB99D005D06AA /* View */,
			);
			path = TabBarProfile;
			sourceTree = "<group>";
		};
		D4BF93701C5CB99D005D06AA /* Controller */ = {
			isa = PBXGroup;
			children = (
				D4BF93891C5CBF91005D06AA /* ICProfileViewController.h */,
				D4BF938A1C5CBF91005D06AA /* ICProfileViewController.m */,
			);
			path = Controller;
			sourceTree = "<group>";
		};
		D4BF93711C5CB99D005D06AA /* Model */ = {
			isa = PBXGroup;
			children = (
			);
			path = Model;
			sourceTree = "<group>";
		};
		D4BF93721C5CB99D005D06AA /* Tools */ = {
			isa = PBXGroup;
			children = (
			);
			path = Tools;
			sourceTree = "<group>";
		};
		D4BF93731C5CB99D005D06AA /* View */ = {
			isa = PBXGroup;
			children = (
			);
			path = View;
			sourceTree = "<group>";
		};
		D4BF93741C5CB99D005D06AA /* TabBarRoot */ = {
			isa = PBXGroup;
			children = (
				D4BF93751C5CB99D005D06AA /* Controller */,
				D4BF93761C5CB99D005D06AA /* Model */,
				D4BF93771C5CB99D005D06AA /* Tools */,
				D4BF93781C5CB99D005D06AA /* View */,
			);
			path = TabBarRoot;
			sourceTree = "<group>";
		};
		D4BF93751C5CB99D005D06AA /* Controller */ = {
			isa = PBXGroup;
			children = (
				D4BF937D1C5CBD0C005D06AA /* ICTabBarViewController.h */,
				D4BF937E1C5CBD0C005D06AA /* ICTabBarViewController.m */,
			);
			path = Controller;
			sourceTree = "<group>";
		};
		D4BF93761C5CB99D005D06AA /* Model */ = {
			isa = PBXGroup;
			children = (
			);
			path = Model;
			sourceTree = "<group>";
		};
		D4BF93771C5CB99D005D06AA /* Tools */ = {
			isa = PBXGroup;
			children = (
			);
			path = Tools;
			sourceTree = "<group>";
		};
		D4BF93781C5CB99D005D06AA /* View */ = {
			isa = PBXGroup;
			children = (
			);
			path = View;
			sourceTree = "<group>";
		};
/* End PBXGroup section */

/* Begin PBXNativeTarget section */
		D4BF933C1C5CB741005D06AA /* iController */ = {
			isa = PBXNativeTarget;
			buildConfigurationList = D4BF93541C5CB741005D06AA /* Build configuration list for PBXNativeTarget "iController" */;
			buildPhases = (
				D4BF93391C5CB741005D06AA /* Sources */,
				D4BF933A1C5CB741005D06AA /* Frameworks */,
				D4BF933B1C5CB741005D06AA /* Resources */,
			);
			buildRules = (
			);
			dependencies = (
			);
			name = iController;
			productName = iController;
			productReference = D4BF933D1C5CB741005D06AA /* iController.app */;
			productType = "com.apple.product-type.application";
		};
/* End PBXNativeTarget section */

/* Begin PBXProject section */
		D4BF93351C5CB741005D06AA /* Project object */ = {
			isa = PBXProject;
			attributes = {
				CLASSPREFIX = IC;
				LastUpgradeCheck = 0720;
				ORGANIZATIONNAME = unique;
				TargetAttributes = {
					D4BF933C1C5CB741005D06AA = {
						CreatedOnToolsVersion = 7.2;
					};
				};
			};
			buildConfigurationList = D4BF93381C5CB741005D06AA /* Build configuration list for PBXProject "iController" */;
			compatibilityVersion = "Xcode 3.2";
			developmentRegion = English;
			hasScannedForEncodings = 0;
			knownRegions = (
				Base,
				"zh-Hans",
			);
			mainGroup = D4BF93341C5CB741005D06AA;
			productRefGroup = D4BF933E1C5CB741005D06AA /* Products */;
			projectDirPath = "";
			projectRoot = "";
			targets = (
				D4BF933C1C5CB741005D06AA /* iController */,
			);
		};
/* End PBXProject section */

/* Begin PBXResourcesBuildPhase section */
		D4BF933B1C5CB741005D06AA /* Resources */ = {
			isa = PBXResourcesBuildPhase;
			buildActionMask = 2147483647;
			files = (
				D4BF934D1C5CB741005D06AA /* Assets.xcassets in Resources */,
				D4BF938E1C5CC2B1005D06AA /* Localizable.strings in Resources */,
			);
			runOnlyForDeploymentPostprocessing = 0;
		};
/* End PBXResourcesBuildPhase section */

/* Begin PBXSourcesBuildPhase section */
		D4BF93391C5CB741005D06AA /* Sources */ = {
			isa = PBXSourcesBuildPhase;
			buildActionMask = 2147483647;
			files = (
				D4BF93881C5CBF13005D06AA /* ICBatteryViewController.m in Sources */,
				D4BF93421C5CB741005D06AA /* main.m in Sources */,
				D4BF93821C5CBD32005D06AA /* ICMainViewController.m in Sources */,
				D4BF93851C5CBE9A005D06AA /* ICDeviceViewController.m in Sources */,
				D4BF938B1C5CBF91005D06AA /* ICProfileViewController.m in Sources */,
				D4BF937F1C5CBD0C005D06AA /* ICTabBarViewController.m in Sources */,
				D4BF93791C5CB99D005D06AA /* ICAppDelegate.m in Sources */,
			);
			runOnlyForDeploymentPostprocessing = 0;
		};
/* End PBXSourcesBuildPhase section */

/* Begin PBXVariantGroup section */
		D4BF93901C5CC2B1005D06AA /* Localizable.strings */ = {
			isa = PBXVariantGroup;
			children = (
				D4BF93911C5CC2B9005D06AA /* zh-Hans */,
			);
			name = Localizable.strings;
			sourceTree = "<group>";
		};
/* End PBXVariantGroup section */

/* Begin XCBuildConfiguration section */
		D4BF93521C5CB741005D06AA /* Debug */ = {
			isa = XCBuildConfiguration;
			buildSettings = {
				ALWAYS_SEARCH_USER_PATHS = NO;
				CLANG_CXX_LANGUAGE_STANDARD = "gnu++0x";
				CLANG_CXX_LIBRARY = "libc++";
				CLANG_ENABLE_MODULES = YES;
				CLANG_ENABLE_OBJC_ARC = YES;
				CLANG_WARN_BOOL_CONVERSION = YES;
				CLANG_WARN_CONSTANT_CONVERSION = YES;
				CLANG_WARN_DIRECT_OBJC_ISA_USAGE = YES_ERROR;
				CLANG_WARN_EMPTY_BODY = YES;
				CLANG_WARN_ENUM_CONVERSION = YES;
				CLANG_WARN_INT_CONVERSION = YES;
				CLANG_WARN_OBJC_ROOT_CLASS = YES_ERROR;
				CLANG_WARN_UNREACHABLE_CODE = YES;
				CLANG_WARN__DUPLICATE_METHOD_MATCH = YES;
				"CODE_SIGN_IDENTITY[sdk=iphoneos*]" = "iPhone Developer";
				COPY_PHASE_STRIP = NO;
				DEBUG_INFORMATION_FORMAT = dwarf;
				ENABLE_STRICT_OBJC_MSGSEND = YES;
				ENABLE_TESTABILITY = YES;
				GCC_C_LANGUAGE_STANDARD = gnu99;
				GCC_DYNAMIC_NO_PIC = NO;
				GCC_NO_COMMON_BLOCKS = YES;
				GCC_OPTIMIZATION_LEVEL = 0;
				GCC_PREPROCESSOR_DEFINITIONS = (
					"DEBUG=1",
					"$(inherited)",
				);
				GCC_WARN_64_TO_32_BIT_CONVERSION = YES;
				GCC_WARN_ABOUT_RETURN_TYPE = YES_ERROR;
				GCC_WARN_UNDECLARED_SELECTOR = YES;
				GCC_WARN_UNINITIALIZED_AUTOS = YES_AGGRESSIVE;
				GCC_WARN_UNUSED_FUNCTION = YES;
				GCC_WARN_UNUSED_VARIABLE = YES;
				IPHONEOS_DEPLOYMENT_TARGET = 9.2;
				MTL_ENABLE_DEBUG_INFO = YES;
				ONLY_ACTIVE_ARCH = YES;
				SDKROOT = iphoneos;
			};
			name = Debug;
		};
		D4BF93531C5CB741005D06AA /* Release */ = {
			isa = XCBuildConfiguration;
			buildSettings = {
				ALWAYS_SEARCH_USER_PATHS = NO;
				CLANG_CXX_LANGUAGE_STANDARD = "gnu++0x";
				CLANG_CXX_LIBRARY = "libc++";
				CLANG_ENABLE_MODULES = YES;
				CLANG_ENABLE_OBJC_ARC = YES;
				CLANG_WARN_BOOL_CONVERSION = YES;
				CLANG_WARN_CONSTANT_CONVERSION = YES;
				CLANG_WARN_DIRECT_OBJC_ISA_USAGE = YES_ERROR;
				CLANG_WARN_EMPTY_BODY = YES;
				CLANG_WARN_ENUM_CONVERSION = YES;
				CLANG_WARN_INT_CONVERSION = YES;
				CLANG_WARN_OBJC_ROOT_CLASS = YES_ERROR;
				CLANG_WARN_UNREACHABLE_CODE = YES;
				CLANG_WARN__DUPLICATE_METHOD_MATCH = YES;
				"CODE_SIGN_IDENTITY[sdk=iphoneos*]" = "iPhone Developer";
				COPY_PHASE_STRIP = NO;
				DEBUG_INFORMATION_FORMAT = "dwarf-with-dsym";
				ENABLE_NS_ASSERTIONS = NO;
				ENABLE_STRICT_OBJC_MSGSEND = YES;
				GCC_C_LANGUAGE_STANDARD = gnu99;
				GCC_NO_COMMON_BLOCKS = YES;
				GCC_WARN_64_TO_32_BIT_CONVERSION = YES;
				GCC_WARN_ABOUT_RETURN_TYPE = YES_ERROR;
				GCC_WARN_UNDECLARED_SELECTOR = YES;
				GCC_WARN_UNINITIALIZED_AUTOS = YES_AGGRESSIVE;
				GCC_WARN_UNUSED_FUNCTION = YES;
				GCC_WARN_UNUSED_VARIABLE = YES;
				IPHONEOS_DEPLOYMENT_TARGET = 9.2;
				MTL_ENABLE_DEBUG_INFO = NO;
				SDKROOT = iphoneos;
				VALIDATE_PRODUCT = YES;
			};
			name = Release;
		};
		D4BF93551C5CB741005D06AA /* Debug */ = {
			isa = XCBuildConfiguration;
			buildSettings = {
				ASSETCATALOG_COMPILER_APPICON_NAME = AppIcon;
				ASSETCATALOG_COMPILER_LAUNCHIMAGE_NAME = "Brand Assets";
				INFOPLIST_FILE = iController/Info.plist;
				LD_RUNPATH_SEARCH_PATHS = "$(inherited) @executable_path/Frameworks";
				PRODUCT_BUNDLE_IDENTIFIER = com.unique.iController;
				PRODUCT_NAME = "$(TARGET_NAME)";
			};
			name = Debug;
		};
		D4BF93561C5CB741005D06AA /* Release */ = {
			isa = XCBuildConfiguration;
			buildSettings = {
				ASSETCATALOG_COMPILER_APPICON_NAME = AppIcon;
				ASSETCATALOG_COMPILER_LAUNCHIMAGE_NAME = "Brand Assets";
				INFOPLIST_FILE = iController/Info.plist;
				LD_RUNPATH_SEARCH_PATHS = "$(inherited) @executable_path/Frameworks";
				PRODUCT_BUNDLE_IDENTIFIER = com.unique.iController;
				PRODUCT_NAME = "$(TARGET_NAME)";
			};
			name = Release;
		};
/* End XCBuildConfiguration section */

/* Begin XCConfigurationList section */
		D4BF93381C5CB741005D06AA /* Build configuration list for PBXProject "iController" */ = {
			isa = XCConfigurationList;
			buildConfigurations = (
				D4BF93521C5CB741005D06AA /* Debug */,
				D4BF93531C5CB741005D06AA /* Release */,
			);
			defaultConfigurationIsVisible = 0;
			defaultConfigurationName = Release;
		};
		D4BF93541C5CB741005D06AA /* Build configuration list for PBXNativeTarget "iController" */ = {
			isa = XCConfigurationList;
			buildConfigurations = (
				D4BF93551C5CB741005D06AA /* Debug */,
				D4BF93561C5CB741005D06AA /* Release */,
			);
			defaultConfigurationIsVisible = 0;
			defaultConfigurationName = Release;
		};
/* End XCConfigurationList section */
	};
	rootObject = D4BF93351C5CB741005D06AA /* Project object */;
}
